// !$*UTF8*$!
{
	archiveVersion = 1;
	classes = {
	};
	objectVersion = 46;
	objects = {

/* Begin PBXBuildFile section */
		00E356F31AD99517003FC87E /* nomadnote_rnTests.m in Sources */ = {isa = PBXBuildFile; fileRef = 00E356F21AD99517003FC87E /* nomadnote_rnTests.m */; };
		13B07FBC1A68108700A75B9A /* AppDelegate.m in Sources */ = {isa = PBXBuildFile; fileRef = 13B07FB01A68108700A75B9A /* AppDelegate.m */; };
		13B07FBF1A68108700A75B9A /* Images.xcassets in Resources */ = {isa = PBXBuildFile; fileRef = 13B07FB51A68108700A75B9A /* Images.xcassets */; };
		13B07FC11A68108700A75B9A /* main.m in Sources */ = {isa = PBXBuildFile; fileRef = 13B07FB71A68108700A75B9A /* main.m */; };
		13E25646C01846822FFDE508 /* libPods-nomadnote_rn-tvOSTests.a in Frameworks */ = {isa = PBXBuildFile; fileRef = 9928C9B3503A8C7564225C2F /* libPods-nomadnote_rn-tvOSTests.a */; };
		245EBCBEBDC92300762B6765 /* libPods-nomadnote_rn-tvOS.a in Frameworks */ = {isa = PBXBuildFile; fileRef = 3386BCE203265FC0B8ED91C0 /* libPods-nomadnote_rn-tvOS.a */; };
		2D02E4BC1E0B4A80006451C7 /* AppDelegate.m in Sources */ = {isa = PBXBuildFile; fileRef = 13B07FB01A68108700A75B9A /* AppDelegate.m */; };
		2D02E4BD1E0B4A84006451C7 /* Images.xcassets in Resources */ = {isa = PBXBuildFile; fileRef = 13B07FB51A68108700A75B9A /* Images.xcassets */; };
		2D02E4BF1E0B4AB3006451C7 /* main.m in Sources */ = {isa = PBXBuildFile; fileRef = 13B07FB71A68108700A75B9A /* main.m */; };
		2DCD954D1E0B4F2C00145EB5 /* nomadnote_rnTests.m in Sources */ = {isa = PBXBuildFile; fileRef = 00E356F21AD99517003FC87E /* nomadnote_rnTests.m */; };
		54A24C4255121471E862B904 /* libPods-nomadnote_rn-nomadnote_rnTests.a in Frameworks */ = {isa = PBXBuildFile; fileRef = 59913365BFFAEE4DF6684447 /* libPods-nomadnote_rn-nomadnote_rnTests.a */; };
		7604A4D122DEEF2AB962AC38 /* libPods-nomadnote_rn.a in Frameworks */ = {isa = PBXBuildFile; fileRef = 208BB3A1097273990ADBAB51 /* libPods-nomadnote_rn.a */; };
		81AB9BB82411601600AC10FF /* LaunchScreen.storyboard in Resources */ = {isa = PBXBuildFile; fileRef = 81AB9BB72411601600AC10FF /* LaunchScreen.storyboard */; };
		8DA6C46926257527000D7D09 /* KakaoOpenSDK.framework in Frameworks */ = {isa = PBXBuildFile; fileRef = 8DA6C46826257527000D7D09 /* KakaoOpenSDK.framework */; };
		8DBF445B25F619AA00608486 /* RNVideoProcessingManager.swift in Sources */ = {isa = PBXBuildFile; fileRef = 8DBF443F25F619AA00608486 /* RNVideoProcessingManager.swift */; };
		8DBF445C25F619AA00608486 /* RNTrimmerView.swift in Sources */ = {isa = PBXBuildFile; fileRef = 8DBF444125F619AA00608486 /* RNTrimmerView.swift */; };
		8DBF445D25F619AA00608486 /* RNTrimmerViewManager.swift in Sources */ = {isa = PBXBuildFile; fileRef = 8DBF444225F619AA00608486 /* RNTrimmerViewManager.swift */; };
		8DBF445E25F619AA00608486 /* RNTrimmerViewBridge.m in Sources */ = {isa = PBXBuildFile; fileRef = 8DBF444325F619AA00608486 /* RNTrimmerViewBridge.m */; };
		8DBF446225F619AA00608486 /* RNVideoProcessingBridge.m in Sources */ = {isa = PBXBuildFile; fileRef = 8DBF444E25F619AA00608486 /* RNVideoProcessingBridge.m */; };
		8DBF446325F619AA00608486 /* SDAVAssetExportSession.m in Sources */ = {isa = PBXBuildFile; fileRef = 8DBF445125F619AA00608486 /* SDAVAssetExportSession.m */; };
		8DBF446425F619AA00608486 /* RNVideoTrimmerBridge.m in Sources */ = {isa = PBXBuildFile; fileRef = 8DBF445225F619AA00608486 /* RNVideoTrimmerBridge.m */; };
		8DBF446525F619AA00608486 /* AVUtilities.swift in Sources */ = {isa = PBXBuildFile; fileRef = 8DBF445325F619AA00608486 /* AVUtilities.swift */; };
		8DBF446625F619AA00608486 /* RNVideoTrimmer.swift in Sources */ = {isa = PBXBuildFile; fileRef = 8DBF445425F619AA00608486 /* RNVideoTrimmer.swift */; };
		8DBF446725F619AA00608486 /* RNVideoPlayer.swift in Sources */ = {isa = PBXBuildFile; fileRef = 8DBF445725F619AA00608486 /* RNVideoPlayer.swift */; };
		8DBF446825F619AA00608486 /* VideoProcessingGPUFilters.swift in Sources */ = {isa = PBXBuildFile; fileRef = 8DBF445A25F619AA00608486 /* VideoProcessingGPUFilters.swift */; };
		8DC457CD26155F020097E42F /* GoogleService-Info.plist in Resources */ = {isa = PBXBuildFile; fileRef = 8DC457C826155F020097E42F /* GoogleService-Info.plist */; };
		9DA1987C26012A51001B10F3 /* libreact-native-cameraroll.a in Frameworks */ = {isa = PBXBuildFile; fileRef = 9DA1987B26012A51001B10F3 /* libreact-native-cameraroll.a */; };
		9DEBE72225F1597B007AE283 /* GPUImage.framework in Frameworks */ = {isa = PBXBuildFile; fileRef = 9DEBE71A25F1581C007AE283 /* GPUImage.framework */; };
		9DEBE72325F1597B007AE283 /* GPUImage.framework in Embed Frameworks */ = {isa = PBXBuildFile; fileRef = 9DEBE71A25F1581C007AE283 /* GPUImage.framework */; settings = {ATTRIBUTES = (CodeSignOnCopy, RemoveHeadersOnCopy, ); }; };
		9DEBE72B25F1597C007AE283 /* OpenGLES.framework in Frameworks */ = {isa = PBXBuildFile; fileRef = 9DEBE72525F1597B007AE283 /* OpenGLES.framework */; };
		9DEBE72C25F1597C007AE283 /* QuartzCore.framework in Frameworks */ = {isa = PBXBuildFile; fileRef = 9DEBE72625F1597B007AE283 /* QuartzCore.framework */; };
		9DEBE72D25F1597C007AE283 /* CoreMedia.framework in Frameworks */ = {isa = PBXBuildFile; fileRef = 9DEBE72725F1597B007AE283 /* CoreMedia.framework */; };
		9DEBE72E25F1597C007AE283 /* MobileCoreServices.framework in Frameworks */ = {isa = PBXBuildFile; fileRef = 9DEBE72825F1597C007AE283 /* MobileCoreServices.framework */; };
		9DEBE72F25F1597C007AE283 /* AVFoundation.framework in Frameworks */ = {isa = PBXBuildFile; fileRef = 9DEBE72925F1597C007AE283 /* AVFoundation.framework */; };
		9DEBE73025F1597C007AE283 /* CoreVideo.framework in Frameworks */ = {isa = PBXBuildFile; fileRef = 9DEBE72A25F1597C007AE283 /* CoreVideo.framework */; };
		9DEBE85125F7DCB8007AE283 /* ICGThumbView.m in Sources */ = {isa = PBXBuildFile; fileRef = 9DEBE84C25F7DCB8007AE283 /* ICGThumbView.m */; };
		9DEBE85225F7DCB8007AE283 /* ICGRulerView.m in Sources */ = {isa = PBXBuildFile; fileRef = 9DEBE84D25F7DCB8007AE283 /* ICGRulerView.m */; };
		9DEBE85325F7DCB8007AE283 /* ICGVideoTrimmerView.m in Sources */ = {isa = PBXBuildFile; fileRef = 9DEBE84F25F7DCB8007AE283 /* ICGVideoTrimmerView.m */; };
/* End PBXBuildFile section */

/* Begin PBXContainerItemProxy section */
		00E356F41AD99517003FC87E /* PBXContainerItemProxy */ = {
			isa = PBXContainerItemProxy;
			containerPortal = 83CBB9F71A601CBA00E9B192 /* Project object */;
			proxyType = 1;
			remoteGlobalIDString = 13B07F861A680F5B00A75B9A;
			remoteInfo = nomadnote_rn;
		};
		2D02E4911E0B4A5D006451C7 /* PBXContainerItemProxy */ = {
			isa = PBXContainerItemProxy;
			containerPortal = 83CBB9F71A601CBA00E9B192 /* Project object */;
			proxyType = 1;
			remoteGlobalIDString = 2D02E47A1E0B4A5D006451C7;
			remoteInfo = "nomadnote_rn-tvOS";
		};
		9DA197E9260128EF001B10F3 /* PBXContainerItemProxy */ = {
			isa = PBXContainerItemProxy;
			containerPortal = 9DA197E2260128EF001B10F3 /* RNCCameraRoll.xcodeproj */;
			proxyType = 2;
			remoteGlobalIDString = 58B5115D1A9E6B3D00147676;
			remoteInfo = RNCCameraRoll;
		};
		9DEBE71725F1581C007AE283 /* PBXContainerItemProxy */ = {
			isa = PBXContainerItemProxy;
			containerPortal = 9DEBE71125F1581C007AE283 /* GPUImage.xcodeproj */;
			proxyType = 2;
			remoteGlobalIDString = BCF1A33414DDB1EC00852800;
			remoteInfo = GPUImage;
		};
		9DEBE71925F1581C007AE283 /* PBXContainerItemProxy */ = {
			isa = PBXContainerItemProxy;
			containerPortal = 9DEBE71125F1581C007AE283 /* GPUImage.xcodeproj */;
			proxyType = 2;
			remoteGlobalIDString = BCE209E51943F20C002FEED8;
			remoteInfo = GPUImageFramework;
		};
/* End PBXContainerItemProxy section */

/* Begin PBXCopyFilesBuildPhase section */
		9DEBE72425F1597B007AE283 /* Embed Frameworks */ = {
			isa = PBXCopyFilesBuildPhase;
			buildActionMask = 2147483647;
			dstPath = "";
			dstSubfolderSpec = 10;
			files = (
				9DEBE72325F1597B007AE283 /* GPUImage.framework in Embed Frameworks */,
			);
			name = "Embed Frameworks";
			runOnlyForDeploymentPostprocessing = 0;
		};
/* End PBXCopyFilesBuildPhase section */

/* Begin PBXFileReference section */
		00E356EE1AD99517003FC87E /* nomadnote_rnTests.xctest */ = {isa = PBXFileReference; explicitFileType = wrapper.cfbundle; includeInIndex = 0; path = nomadnote_rnTests.xctest; sourceTree = BUILT_PRODUCTS_DIR; };
		00E356F11AD99517003FC87E /* Info.plist */ = {isa = PBXFileReference; lastKnownFileType = text.plist.xml; path = Info.plist; sourceTree = "<group>"; };
		00E356F21AD99517003FC87E /* nomadnote_rnTests.m */ = {isa = PBXFileReference; lastKnownFileType = sourcecode.c.objc; path = nomadnote_rnTests.m; sourceTree = "<group>"; };
		0B9288093A3A4B02B35EA971 /* FontAwesome5_Regular.ttf */ = {isa = PBXFileReference; explicitFileType = undefined; fileEncoding = 9; includeInIndex = 0; lastKnownFileType = unknown; name = FontAwesome5_Regular.ttf; path = "../node_modules/react-native-vector-icons/Fonts/FontAwesome5_Regular.ttf"; sourceTree = "<group>"; };
		13B07F961A680F5B00A75B9A /* nomadnote_rn.app */ = {isa = PBXFileReference; explicitFileType = wrapper.application; includeInIndex = 0; path = nomadnote_rn.app; sourceTree = BUILT_PRODUCTS_DIR; };
		13B07FAF1A68108700A75B9A /* AppDelegate.h */ = {isa = PBXFileReference; fileEncoding = 4; lastKnownFileType = sourcecode.c.h; name = AppDelegate.h; path = nomadnote_rn/AppDelegate.h; sourceTree = "<group>"; };
		13B07FB01A68108700A75B9A /* AppDelegate.m */ = {isa = PBXFileReference; fileEncoding = 4; lastKnownFileType = sourcecode.c.objc; name = AppDelegate.m; path = nomadnote_rn/AppDelegate.m; sourceTree = "<group>"; };
		13B07FB51A68108700A75B9A /* Images.xcassets */ = {isa = PBXFileReference; lastKnownFileType = folder.assetcatalog; name = Images.xcassets; path = nomadnote_rn/Images.xcassets; sourceTree = "<group>"; };
		13B07FB61A68108700A75B9A /* Info.plist */ = {isa = PBXFileReference; fileEncoding = 4; lastKnownFileType = text.plist.xml; name = Info.plist; path = nomadnote_rn/Info.plist; sourceTree = "<group>"; };
		13B07FB71A68108700A75B9A /* main.m */ = {isa = PBXFileReference; fileEncoding = 4; lastKnownFileType = sourcecode.c.objc; name = main.m; path = nomadnote_rn/main.m; sourceTree = "<group>"; };
		1C065CF75B11679F83F03AD4 /* Pods-nomadnote_rn-tvOSTests.debug.xcconfig */ = {isa = PBXFileReference; includeInIndex = 1; lastKnownFileType = text.xcconfig; name = "Pods-nomadnote_rn-tvOSTests.debug.xcconfig"; path = "Target Support Files/Pods-nomadnote_rn-tvOSTests/Pods-nomadnote_rn-tvOSTests.debug.xcconfig"; sourceTree = "<group>"; };
		1EED093C56264BC5A03132F7 /* Foundation.ttf */ = {isa = PBXFileReference; explicitFileType = undefined; fileEncoding = 9; includeInIndex = 0; lastKnownFileType = unknown; name = Foundation.ttf; path = "../node_modules/react-native-vector-icons/Fonts/Foundation.ttf"; sourceTree = "<group>"; };
		208BB3A1097273990ADBAB51 /* libPods-nomadnote_rn.a */ = {isa = PBXFileReference; explicitFileType = archive.ar; includeInIndex = 0; path = "libPods-nomadnote_rn.a"; sourceTree = BUILT_PRODUCTS_DIR; };
		27DFAC52AAF07D54A8FE7EBA /* Pods-nomadnote_rn.debug.xcconfig */ = {isa = PBXFileReference; includeInIndex = 1; lastKnownFileType = text.xcconfig; name = "Pods-nomadnote_rn.debug.xcconfig"; path = "Target Support Files/Pods-nomadnote_rn/Pods-nomadnote_rn.debug.xcconfig"; sourceTree = "<group>"; };
		2D02E47B1E0B4A5D006451C7 /* nomadnote_rn-tvOS.app */ = {isa = PBXFileReference; explicitFileType = wrapper.application; includeInIndex = 0; path = "nomadnote_rn-tvOS.app"; sourceTree = BUILT_PRODUCTS_DIR; };
		2D02E4901E0B4A5D006451C7 /* nomadnote_rn-tvOSTests.xctest */ = {isa = PBXFileReference; explicitFileType = wrapper.cfbundle; includeInIndex = 0; path = "nomadnote_rn-tvOSTests.xctest"; sourceTree = BUILT_PRODUCTS_DIR; };
		3386BCE203265FC0B8ED91C0 /* libPods-nomadnote_rn-tvOS.a */ = {isa = PBXFileReference; explicitFileType = archive.ar; includeInIndex = 0; path = "libPods-nomadnote_rn-tvOS.a"; sourceTree = BUILT_PRODUCTS_DIR; };
		371F79CFCFEB4C90AB6C3256 /* Ionicons.ttf */ = {isa = PBXFileReference; explicitFileType = undefined; fileEncoding = 9; includeInIndex = 0; lastKnownFileType = unknown; name = Ionicons.ttf; path = "../node_modules/react-native-vector-icons/Fonts/Ionicons.ttf"; sourceTree = "<group>"; };
		3D803E0DFFD6E580DC2541D6 /* Pods-nomadnote_rn-tvOSTests.release.xcconfig */ = {isa = PBXFileReference; includeInIndex = 1; lastKnownFileType = text.xcconfig; name = "Pods-nomadnote_rn-tvOSTests.release.xcconfig"; path = "Target Support Files/Pods-nomadnote_rn-tvOSTests/Pods-nomadnote_rn-tvOSTests.release.xcconfig"; sourceTree = "<group>"; };
		4057FF8560C738FBBE90FA11 /* Pods-nomadnote_rn-tvOS.debug.xcconfig */ = {isa = PBXFileReference; includeInIndex = 1; lastKnownFileType = text.xcconfig; name = "Pods-nomadnote_rn-tvOS.debug.xcconfig"; path = "Target Support Files/Pods-nomadnote_rn-tvOS/Pods-nomadnote_rn-tvOS.debug.xcconfig"; sourceTree = "<group>"; };
		4D034E60EFEE4B0A512ACCB4 /* Pods-nomadnote_rn-tvOS.release.xcconfig */ = {isa = PBXFileReference; includeInIndex = 1; lastKnownFileType = text.xcconfig; name = "Pods-nomadnote_rn-tvOS.release.xcconfig"; path = "Target Support Files/Pods-nomadnote_rn-tvOS/Pods-nomadnote_rn-tvOS.release.xcconfig"; sourceTree = "<group>"; };
		585F27A0454942D88914562E /* AntDesign.ttf */ = {isa = PBXFileReference; explicitFileType = undefined; fileEncoding = 9; includeInIndex = 0; lastKnownFileType = unknown; name = AntDesign.ttf; path = "../node_modules/react-native-vector-icons/Fonts/AntDesign.ttf"; sourceTree = "<group>"; };
		59913365BFFAEE4DF6684447 /* libPods-nomadnote_rn-nomadnote_rnTests.a */ = {isa = PBXFileReference; explicitFileType = archive.ar; includeInIndex = 0; path = "libPods-nomadnote_rn-nomadnote_rnTests.a"; sourceTree = BUILT_PRODUCTS_DIR; };
		5B03F6B6A1B140458B5114AE /* Zocial.ttf */ = {isa = PBXFileReference; explicitFileType = undefined; fileEncoding = 9; includeInIndex = 0; lastKnownFileType = unknown; name = Zocial.ttf; path = "../node_modules/react-native-vector-icons/Fonts/Zocial.ttf"; sourceTree = "<group>"; };
		68E6815F6A7E4DE58675D883 /* EvilIcons.ttf */ = {isa = PBXFileReference; explicitFileType = undefined; fileEncoding = 9; includeInIndex = 0; lastKnownFileType = unknown; name = EvilIcons.ttf; path = "../node_modules/react-native-vector-icons/Fonts/EvilIcons.ttf"; sourceTree = "<group>"; };
		69BF24B8533C85E6D304039F /* Pods-nomadnote_rn-nomadnote_rnTests.release.xcconfig */ = {isa = PBXFileReference; includeInIndex = 1; lastKnownFileType = text.xcconfig; name = "Pods-nomadnote_rn-nomadnote_rnTests.release.xcconfig"; path = "Target Support Files/Pods-nomadnote_rn-nomadnote_rnTests/Pods-nomadnote_rn-nomadnote_rnTests.release.xcconfig"; sourceTree = "<group>"; };
		81AB9BB72411601600AC10FF /* LaunchScreen.storyboard */ = {isa = PBXFileReference; fileEncoding = 4; lastKnownFileType = file.storyboard; name = LaunchScreen.storyboard; path = nomadnote_rn/LaunchScreen.storyboard; sourceTree = "<group>"; };
		8BDE93CBBB443CC5852004D0 /* Pods-nomadnote_rn-nomadnote_rnTests.debug.xcconfig */ = {isa = PBXFileReference; includeInIndex = 1; lastKnownFileType = text.xcconfig; name = "Pods-nomadnote_rn-nomadnote_rnTests.debug.xcconfig"; path = "Target Support Files/Pods-nomadnote_rn-nomadnote_rnTests/Pods-nomadnote_rn-nomadnote_rnTests.debug.xcconfig"; sourceTree = "<group>"; };
		8D8301BA26098CA30044C77B /* nomadnote_rn.entitlements */ = {isa = PBXFileReference; lastKnownFileType = text.plist.entitlements; name = nomadnote_rn.entitlements; path = nomadnote_rn/nomadnote_rn.entitlements; sourceTree = "<group>"; };
		8DA6C46826257527000D7D09 /* KakaoOpenSDK.framework */ = {isa = PBXFileReference; lastKnownFileType = wrapper.framework; path = KakaoOpenSDK.framework; sourceTree = "<group>"; };
		8DBF443F25F619AA00608486 /* RNVideoProcessingManager.swift */ = {isa = PBXFileReference; fileEncoding = 4; lastKnownFileType = sourcecode.swift; path = RNVideoProcessingManager.swift; sourceTree = "<group>"; };
		8DBF444125F619AA00608486 /* RNTrimmerView.swift */ = {isa = PBXFileReference; fileEncoding = 4; lastKnownFileType = sourcecode.swift; path = RNTrimmerView.swift; sourceTree = "<group>"; };
		8DBF444225F619AA00608486 /* RNTrimmerViewManager.swift */ = {isa = PBXFileReference; fileEncoding = 4; lastKnownFileType = sourcecode.swift; path = RNTrimmerViewManager.swift; sourceTree = "<group>"; };
		8DBF444325F619AA00608486 /* RNTrimmerViewBridge.m */ = {isa = PBXFileReference; fileEncoding = 4; lastKnownFileType = sourcecode.c.objc; path = RNTrimmerViewBridge.m; sourceTree = "<group>"; };
		8DBF444425F619AA00608486 /* RNTrimmerView-Bridging-Header.h */ = {isa = PBXFileReference; fileEncoding = 4; lastKnownFileType = sourcecode.c.h; path = "RNTrimmerView-Bridging-Header.h"; sourceTree = "<group>"; };
		8DBF444525F619AA00608486 /* RNTrimmerView.h */ = {isa = PBXFileReference; fileEncoding = 4; lastKnownFileType = sourcecode.c.h; path = RNTrimmerView.h; sourceTree = "<group>"; };
		8DBF444E25F619AA00608486 /* RNVideoProcessingBridge.m */ = {isa = PBXFileReference; fileEncoding = 4; lastKnownFileType = sourcecode.c.objc; path = RNVideoProcessingBridge.m; sourceTree = "<group>"; };
		8DBF445025F619AA00608486 /* RNVideoTrimmer-Bridging-Header.h */ = {isa = PBXFileReference; fileEncoding = 4; lastKnownFileType = sourcecode.c.h; path = "RNVideoTrimmer-Bridging-Header.h"; sourceTree = "<group>"; };
		8DBF445125F619AA00608486 /* SDAVAssetExportSession.m */ = {isa = PBXFileReference; fileEncoding = 4; lastKnownFileType = sourcecode.c.objc; path = SDAVAssetExportSession.m; sourceTree = "<group>"; };
		8DBF445225F619AA00608486 /* RNVideoTrimmerBridge.m */ = {isa = PBXFileReference; fileEncoding = 4; lastKnownFileType = sourcecode.c.objc; path = RNVideoTrimmerBridge.m; sourceTree = "<group>"; };
		8DBF445325F619AA00608486 /* AVUtilities.swift */ = {isa = PBXFileReference; fileEncoding = 4; lastKnownFileType = sourcecode.swift; path = AVUtilities.swift; sourceTree = "<group>"; };
		8DBF445425F619AA00608486 /* RNVideoTrimmer.swift */ = {isa = PBXFileReference; fileEncoding = 4; lastKnownFileType = sourcecode.swift; path = RNVideoTrimmer.swift; sourceTree = "<group>"; };
		8DBF445525F619AA00608486 /* SDAVAssetExportSession.h */ = {isa = PBXFileReference; fileEncoding = 4; lastKnownFileType = sourcecode.c.h; path = SDAVAssetExportSession.h; sourceTree = "<group>"; };
		8DBF445625F619AA00608486 /* RNVideoProcessing.h */ = {isa = PBXFileReference; fileEncoding = 4; lastKnownFileType = sourcecode.c.h; path = RNVideoProcessing.h; sourceTree = "<group>"; };
		8DBF445725F619AA00608486 /* RNVideoPlayer.swift */ = {isa = PBXFileReference; fileEncoding = 4; lastKnownFileType = sourcecode.swift; path = RNVideoPlayer.swift; sourceTree = "<group>"; };
		8DBF445825F619AA00608486 /* RCTSwiftBridgeModule.h */ = {isa = PBXFileReference; fileEncoding = 4; lastKnownFileType = sourcecode.c.h; path = RCTSwiftBridgeModule.h; sourceTree = "<group>"; };
		8DBF445925F619AA00608486 /* RNVideoProcessing-Bridging-Header.h */ = {isa = PBXFileReference; fileEncoding = 4; lastKnownFileType = sourcecode.c.h; path = "RNVideoProcessing-Bridging-Header.h"; sourceTree = "<group>"; };
		8DBF445A25F619AA00608486 /* VideoProcessingGPUFilters.swift */ = {isa = PBXFileReference; fileEncoding = 4; lastKnownFileType = sourcecode.swift; path = VideoProcessingGPUFilters.swift; sourceTree = "<group>"; };
		8DC457C826155F020097E42F /* GoogleService-Info.plist */ = {isa = PBXFileReference; lastKnownFileType = text.plist.xml; path = "GoogleService-Info.plist"; sourceTree = "<group>"; };
		9928C9B3503A8C7564225C2F /* libPods-nomadnote_rn-tvOSTests.a */ = {isa = PBXFileReference; explicitFileType = archive.ar; includeInIndex = 0; path = "libPods-nomadnote_rn-tvOSTests.a"; sourceTree = BUILT_PRODUCTS_DIR; };
		99468E3E1A324C709E9C8F73 /* Fontisto.ttf */ = {isa = PBXFileReference; explicitFileType = undefined; fileEncoding = 9; includeInIndex = 0; lastKnownFileType = unknown; name = Fontisto.ttf; path = "../node_modules/react-native-vector-icons/Fonts/Fontisto.ttf"; sourceTree = "<group>"; };
		9DA197E2260128EF001B10F3 /* RNCCameraRoll.xcodeproj */ = {isa = PBXFileReference; lastKnownFileType = "wrapper.pb-project"; name = RNCCameraRoll.xcodeproj; path = "../node_modules/@react-native-community/cameraroll/ios/RNCCameraRoll.xcodeproj"; sourceTree = "<group>"; };
		9DA1987B26012A51001B10F3 /* libreact-native-cameraroll.a */ = {isa = PBXFileReference; explicitFileType = archive.ar; path = "libreact-native-cameraroll.a"; sourceTree = BUILT_PRODUCTS_DIR; };
		9DB1E97A2657B4AA00C4B289 /* StoreConfiguration.storekit */ = {isa = PBXFileReference; lastKnownFileType = text; path = StoreConfiguration.storekit; sourceTree = "<group>"; };
		9DEBE71125F1581C007AE283 /* GPUImage.xcodeproj */ = {isa = PBXFileReference; lastKnownFileType = "wrapper.pb-project"; name = GPUImage.xcodeproj; path = "../node_modules/react-native-video-processing/ios/GPUImage/framework/GPUImage.xcodeproj"; sourceTree = "<group>"; };
		9DEBE72525F1597B007AE283 /* OpenGLES.framework */ = {isa = PBXFileReference; lastKnownFileType = wrapper.framework; name = OpenGLES.framework; path = System/Library/Frameworks/OpenGLES.framework; sourceTree = SDKROOT; };
		9DEBE72625F1597B007AE283 /* QuartzCore.framework */ = {isa = PBXFileReference; lastKnownFileType = wrapper.framework; name = QuartzCore.framework; path = System/Library/Frameworks/QuartzCore.framework; sourceTree = SDKROOT; };
		9DEBE72725F1597B007AE283 /* CoreMedia.framework */ = {isa = PBXFileReference; lastKnownFileType = wrapper.framework; name = CoreMedia.framework; path = System/Library/Frameworks/CoreMedia.framework; sourceTree = SDKROOT; };
		9DEBE72825F1597C007AE283 /* MobileCoreServices.framework */ = {isa = PBXFileReference; lastKnownFileType = wrapper.framework; name = MobileCoreServices.framework; path = System/Library/Frameworks/MobileCoreServices.framework; sourceTree = SDKROOT; };
		9DEBE72925F1597C007AE283 /* AVFoundation.framework */ = {isa = PBXFileReference; lastKnownFileType = wrapper.framework; name = AVFoundation.framework; path = System/Library/Frameworks/AVFoundation.framework; sourceTree = SDKROOT; };
		9DEBE72A25F1597C007AE283 /* CoreVideo.framework */ = {isa = PBXFileReference; lastKnownFileType = wrapper.framework; name = CoreVideo.framework; path = System/Library/Frameworks/CoreVideo.framework; sourceTree = SDKROOT; };
		9DEBE84A25F7DCB8007AE283 /* ICGRulerView.h */ = {isa = PBXFileReference; fileEncoding = 4; lastKnownFileType = sourcecode.c.h; path = ICGRulerView.h; sourceTree = "<group>"; };
		9DEBE84B25F7DCB8007AE283 /* ICGVideoTrimmerView.h */ = {isa = PBXFileReference; fileEncoding = 4; lastKnownFileType = sourcecode.c.h; path = ICGVideoTrimmerView.h; sourceTree = "<group>"; };
		9DEBE84C25F7DCB8007AE283 /* ICGThumbView.m */ = {isa = PBXFileReference; fileEncoding = 4; lastKnownFileType = sourcecode.c.objc; path = ICGThumbView.m; sourceTree = "<group>"; };
		9DEBE84D25F7DCB8007AE283 /* ICGRulerView.m */ = {isa = PBXFileReference; fileEncoding = 4; lastKnownFileType = sourcecode.c.objc; path = ICGRulerView.m; sourceTree = "<group>"; };
		9DEBE84E25F7DCB8007AE283 /* ICGThumbView.h */ = {isa = PBXFileReference; fileEncoding = 4; lastKnownFileType = sourcecode.c.h; path = ICGThumbView.h; sourceTree = "<group>"; };
		9DEBE84F25F7DCB8007AE283 /* ICGVideoTrimmerView.m */ = {isa = PBXFileReference; fileEncoding = 4; lastKnownFileType = sourcecode.c.objc; path = ICGVideoTrimmerView.m; sourceTree = "<group>"; };
		9DEBE85025F7DCB8007AE283 /* ICGVideoTrimmer.h */ = {isa = PBXFileReference; fileEncoding = 4; lastKnownFileType = sourcecode.c.h; path = ICGVideoTrimmer.h; sourceTree = "<group>"; };
		9DEF3CEE25E6979500164A55 /* nomadnote_rn-Bridging-Header.h */ = {isa = PBXFileReference; lastKnownFileType = sourcecode.c.h; path = "nomadnote_rn-Bridging-Header.h"; sourceTree = "<group>"; };
		A893EC88CC944B3E97DF7F79 /* FontAwesome.ttf */ = {isa = PBXFileReference; explicitFileType = undefined; fileEncoding = 9; includeInIndex = 0; lastKnownFileType = unknown; name = FontAwesome.ttf; path = "../node_modules/react-native-vector-icons/Fonts/FontAwesome.ttf"; sourceTree = "<group>"; };
		B1E343A4BC0648549AAB4424 /* Feather.ttf */ = {isa = PBXFileReference; explicitFileType = undefined; fileEncoding = 9; includeInIndex = 0; lastKnownFileType = unknown; name = Feather.ttf; path = "../node_modules/react-native-vector-icons/Fonts/Feather.ttf"; sourceTree = "<group>"; };
		B692E6E746EF4C0D9A501ACF /* Entypo.ttf */ = {isa = PBXFileReference; explicitFileType = undefined; fileEncoding = 9; includeInIndex = 0; lastKnownFileType = unknown; name = Entypo.ttf; path = "../node_modules/react-native-vector-icons/Fonts/Entypo.ttf"; sourceTree = "<group>"; };
		B8F8E7ED17504A0D86C6E545 /* MaterialCommunityIcons.ttf */ = {isa = PBXFileReference; explicitFileType = undefined; fileEncoding = 9; includeInIndex = 0; lastKnownFileType = unknown; name = MaterialCommunityIcons.ttf; path = "../node_modules/react-native-vector-icons/Fonts/MaterialCommunityIcons.ttf"; sourceTree = "<group>"; };
		C6AC742E2FAFE64EC065FBD3 /* Pods-nomadnote_rn.release.xcconfig */ = {isa = PBXFileReference; includeInIndex = 1; lastKnownFileType = text.xcconfig; name = "Pods-nomadnote_rn.release.xcconfig"; path = "Target Support Files/Pods-nomadnote_rn/Pods-nomadnote_rn.release.xcconfig"; sourceTree = "<group>"; };
		ED297162215061F000B7C4FE /* JavaScriptCore.framework */ = {isa = PBXFileReference; lastKnownFileType = wrapper.framework; name = JavaScriptCore.framework; path = System/Library/Frameworks/JavaScriptCore.framework; sourceTree = SDKROOT; };
		ED2971642150620600B7C4FE /* JavaScriptCore.framework */ = {isa = PBXFileReference; lastKnownFileType = wrapper.framework; name = JavaScriptCore.framework; path = Platforms/AppleTVOS.platform/Developer/SDKs/AppleTVOS12.0.sdk/System/Library/Frameworks/JavaScriptCore.framework; sourceTree = DEVELOPER_DIR; };
		EDDBAE3C9A8B4A3EB5ED8660 /* FontAwesome5_Brands.ttf */ = {isa = PBXFileReference; explicitFileType = undefined; fileEncoding = 9; includeInIndex = 0; lastKnownFileType = unknown; name = FontAwesome5_Brands.ttf; path = "../node_modules/react-native-vector-icons/Fonts/FontAwesome5_Brands.ttf"; sourceTree = "<group>"; };
		EEC691D37DF045C18D428177 /* SimpleLineIcons.ttf */ = {isa = PBXFileReference; explicitFileType = undefined; fileEncoding = 9; includeInIndex = 0; lastKnownFileType = unknown; name = SimpleLineIcons.ttf; path = "../node_modules/react-native-vector-icons/Fonts/SimpleLineIcons.ttf"; sourceTree = "<group>"; };
		EF5FFF10D91F4EA2A02B763B /* FontAwesome5_Solid.ttf */ = {isa = PBXFileReference; explicitFileType = undefined; fileEncoding = 9; includeInIndex = 0; lastKnownFileType = unknown; name = FontAwesome5_Solid.ttf; path = "../node_modules/react-native-vector-icons/Fonts/FontAwesome5_Solid.ttf"; sourceTree = "<group>"; };
		F76569078B17418EBF488D03 /* MaterialIcons.ttf */ = {isa = PBXFileReference; explicitFileType = undefined; fileEncoding = 9; includeInIndex = 0; lastKnownFileType = unknown; name = MaterialIcons.ttf; path = "../node_modules/react-native-vector-icons/Fonts/MaterialIcons.ttf"; sourceTree = "<group>"; };
		FB61E33055D34414976177E5 /* Octicons.ttf */ = {isa = PBXFileReference; explicitFileType = undefined; fileEncoding = 9; includeInIndex = 0; lastKnownFileType = unknown; name = Octicons.ttf; path = "../node_modules/react-native-vector-icons/Fonts/Octicons.ttf"; sourceTree = "<group>"; };
/* End PBXFileReference section */

/* Begin PBXFrameworksBuildPhase section */
		00E356EB1AD99517003FC87E /* Frameworks */ = {
			isa = PBXFrameworksBuildPhase;
			buildActionMask = 2147483647;
			files = (
				54A24C4255121471E862B904 /* libPods-nomadnote_rn-nomadnote_rnTests.a in Frameworks */,
			);
			runOnlyForDeploymentPostprocessing = 0;
		};
		13B07F8C1A680F5B00A75B9A /* Frameworks */ = {
			isa = PBXFrameworksBuildPhase;
			buildActionMask = 2147483647;
			files = (
				9DA1987C26012A51001B10F3 /* libreact-native-cameraroll.a in Frameworks */,
				9DEBE72C25F1597C007AE283 /* QuartzCore.framework in Frameworks */,
				9DEBE72225F1597B007AE283 /* GPUImage.framework in Frameworks */,
				8DA6C46926257527000D7D09 /* KakaoOpenSDK.framework in Frameworks */,
				9DEBE72E25F1597C007AE283 /* MobileCoreServices.framework in Frameworks */,
				9DEBE72B25F1597C007AE283 /* OpenGLES.framework in Frameworks */,
				9DEBE72F25F1597C007AE283 /* AVFoundation.framework in Frameworks */,
				9DEBE72D25F1597C007AE283 /* CoreMedia.framework in Frameworks */,
				9DEBE73025F1597C007AE283 /* CoreVideo.framework in Frameworks */,
				7604A4D122DEEF2AB962AC38 /* libPods-nomadnote_rn.a in Frameworks */,
			);
			runOnlyForDeploymentPostprocessing = 0;
		};
		2D02E4781E0B4A5D006451C7 /* Frameworks */ = {
			isa = PBXFrameworksBuildPhase;
			buildActionMask = 2147483647;
			files = (
				245EBCBEBDC92300762B6765 /* libPods-nomadnote_rn-tvOS.a in Frameworks */,
			);
			runOnlyForDeploymentPostprocessing = 0;
		};
		2D02E48D1E0B4A5D006451C7 /* Frameworks */ = {
			isa = PBXFrameworksBuildPhase;
			buildActionMask = 2147483647;
			files = (
				13E25646C01846822FFDE508 /* libPods-nomadnote_rn-tvOSTests.a in Frameworks */,
			);
			runOnlyForDeploymentPostprocessing = 0;
		};
/* End PBXFrameworksBuildPhase section */

/* Begin PBXGroup section */
		00E356EF1AD99517003FC87E /* nomadnote_rnTests */ = {
			isa = PBXGroup;
			children = (
				00E356F21AD99517003FC87E /* nomadnote_rnTests.m */,
				00E356F01AD99517003FC87E /* Supporting Files */,
			);
			path = nomadnote_rnTests;
			sourceTree = "<group>";
		};
		00E356F01AD99517003FC87E /* Supporting Files */ = {
			isa = PBXGroup;
			children = (
				00E356F11AD99517003FC87E /* Info.plist */,
			);
			name = "Supporting Files";
			sourceTree = "<group>";
		};
		13B07FAE1A68108700A75B9A /* nomadnote_rn */ = {
			isa = PBXGroup;
			children = (
				8D8301BA26098CA30044C77B /* nomadnote_rn.entitlements */,
				13B07FAF1A68108700A75B9A /* AppDelegate.h */,
				8DC457C826155F020097E42F /* GoogleService-Info.plist */,
				13B07FB01A68108700A75B9A /* AppDelegate.m */,
				9DB1E97A2657B4AA00C4B289 /* StoreConfiguration.storekit */,
				13B07FB51A68108700A75B9A /* Images.xcassets */,
				13B07FB61A68108700A75B9A /* Info.plist */,
				81AB9BB72411601600AC10FF /* LaunchScreen.storyboard */,
				13B07FB71A68108700A75B9A /* main.m */,
				9DEF3CEE25E6979500164A55 /* nomadnote_rn-Bridging-Header.h */,
			);
			name = nomadnote_rn;
			sourceTree = "<group>";
		};
		2D16E6871FA4F8E400B85C8A /* Frameworks */ = {
			isa = PBXGroup;
			children = (
				8DA6C46826257527000D7D09 /* KakaoOpenSDK.framework */,
				9DA1987B26012A51001B10F3 /* libreact-native-cameraroll.a */,
				9DEBE72925F1597C007AE283 /* AVFoundation.framework */,
				9DEBE72725F1597B007AE283 /* CoreMedia.framework */,
				9DEBE72A25F1597C007AE283 /* CoreVideo.framework */,
				9DEBE72825F1597C007AE283 /* MobileCoreServices.framework */,
				9DEBE72525F1597B007AE283 /* OpenGLES.framework */,
				9DEBE72625F1597B007AE283 /* QuartzCore.framework */,
				ED297162215061F000B7C4FE /* JavaScriptCore.framework */,
				ED2971642150620600B7C4FE /* JavaScriptCore.framework */,
				208BB3A1097273990ADBAB51 /* libPods-nomadnote_rn.a */,
				59913365BFFAEE4DF6684447 /* libPods-nomadnote_rn-nomadnote_rnTests.a */,
				3386BCE203265FC0B8ED91C0 /* libPods-nomadnote_rn-tvOS.a */,
				9928C9B3503A8C7564225C2F /* libPods-nomadnote_rn-tvOSTests.a */,
			);
			name = Frameworks;
			sourceTree = "<group>";
		};
		3CC38724FF6E4BF6951B59A3 /* Resources */ = {
			isa = PBXGroup;
			children = (
				585F27A0454942D88914562E /* AntDesign.ttf */,
				B692E6E746EF4C0D9A501ACF /* Entypo.ttf */,
				68E6815F6A7E4DE58675D883 /* EvilIcons.ttf */,
				B1E343A4BC0648549AAB4424 /* Feather.ttf */,
				A893EC88CC944B3E97DF7F79 /* FontAwesome.ttf */,
				EDDBAE3C9A8B4A3EB5ED8660 /* FontAwesome5_Brands.ttf */,
				0B9288093A3A4B02B35EA971 /* FontAwesome5_Regular.ttf */,
				EF5FFF10D91F4EA2A02B763B /* FontAwesome5_Solid.ttf */,
				99468E3E1A324C709E9C8F73 /* Fontisto.ttf */,
				1EED093C56264BC5A03132F7 /* Foundation.ttf */,
				371F79CFCFEB4C90AB6C3256 /* Ionicons.ttf */,
				B8F8E7ED17504A0D86C6E545 /* MaterialCommunityIcons.ttf */,
				F76569078B17418EBF488D03 /* MaterialIcons.ttf */,
				FB61E33055D34414976177E5 /* Octicons.ttf */,
				EEC691D37DF045C18D428177 /* SimpleLineIcons.ttf */,
				5B03F6B6A1B140458B5114AE /* Zocial.ttf */,
			);
			name = Resources;
			sourceTree = "<group>";
		};
		832341AE1AAA6A7D00B99B32 /* Libraries */ = {
			isa = PBXGroup;
			children = (
				9DA197E2260128EF001B10F3 /* RNCCameraRoll.xcodeproj */,
			);
			name = Libraries;
			sourceTree = "<group>";
		};
		83CBB9F61A601CBA00E9B192 = {
			isa = PBXGroup;
			children = (
				8DBF443E25F619AA00608486 /* RNVideoProcessing */,
				9DEBE71125F1581C007AE283 /* GPUImage.xcodeproj */,
				13B07FAE1A68108700A75B9A /* nomadnote_rn */,
				832341AE1AAA6A7D00B99B32 /* Libraries */,
				00E356EF1AD99517003FC87E /* nomadnote_rnTests */,
				83CBBA001A601CBA00E9B192 /* Products */,
				2D16E6871FA4F8E400B85C8A /* Frameworks */,
				8B14E2D789DE9DBFA53204DA /* Pods */,
				3CC38724FF6E4BF6951B59A3 /* Resources */,
			);
			indentWidth = 2;
			sourceTree = "<group>";
			tabWidth = 2;
			usesTabs = 0;
		};
		83CBBA001A601CBA00E9B192 /* Products */ = {
			isa = PBXGroup;
			children = (
				13B07F961A680F5B00A75B9A /* nomadnote_rn.app */,
				00E356EE1AD99517003FC87E /* nomadnote_rnTests.xctest */,
				2D02E47B1E0B4A5D006451C7 /* nomadnote_rn-tvOS.app */,
				2D02E4901E0B4A5D006451C7 /* nomadnote_rn-tvOSTests.xctest */,
			);
			name = Products;
			sourceTree = "<group>";
		};
		8B14E2D789DE9DBFA53204DA /* Pods */ = {
			isa = PBXGroup;
			children = (
				27DFAC52AAF07D54A8FE7EBA /* Pods-nomadnote_rn.debug.xcconfig */,
				C6AC742E2FAFE64EC065FBD3 /* Pods-nomadnote_rn.release.xcconfig */,
				8BDE93CBBB443CC5852004D0 /* Pods-nomadnote_rn-nomadnote_rnTests.debug.xcconfig */,
				69BF24B8533C85E6D304039F /* Pods-nomadnote_rn-nomadnote_rnTests.release.xcconfig */,
				4057FF8560C738FBBE90FA11 /* Pods-nomadnote_rn-tvOS.debug.xcconfig */,
				4D034E60EFEE4B0A512ACCB4 /* Pods-nomadnote_rn-tvOS.release.xcconfig */,
				1C065CF75B11679F83F03AD4 /* Pods-nomadnote_rn-tvOSTests.debug.xcconfig */,
				3D803E0DFFD6E580DC2541D6 /* Pods-nomadnote_rn-tvOSTests.release.xcconfig */,
			);
			path = Pods;
			sourceTree = "<group>";
		};
		8DBF443E25F619AA00608486 /* RNVideoProcessing */ = {
			isa = PBXGroup;
			children = (
				8DBF443F25F619AA00608486 /* RNVideoProcessingManager.swift */,
				8DBF444025F619AA00608486 /* RNTrimmerView */,
				8DBF444E25F619AA00608486 /* RNVideoProcessingBridge.m */,
				8DBF444F25F619AA00608486 /* RNVideoTrimmer */,
				8DBF445625F619AA00608486 /* RNVideoProcessing.h */,
				8DBF445725F619AA00608486 /* RNVideoPlayer.swift */,
				8DBF445825F619AA00608486 /* RCTSwiftBridgeModule.h */,
				8DBF445925F619AA00608486 /* RNVideoProcessing-Bridging-Header.h */,
				8DBF445A25F619AA00608486 /* VideoProcessingGPUFilters.swift */,
			);
			name = RNVideoProcessing;
			path = "../node_modules/react-native-video-processing/ios/RNVideoProcessing";
			sourceTree = "<group>";
		};
		8DBF444025F619AA00608486 /* RNTrimmerView */ = {
			isa = PBXGroup;
			children = (
				9DEBE7D725F7C579007AE283 /* ICGVideoTrimmer */,
				8DBF444125F619AA00608486 /* RNTrimmerView.swift */,
				8DBF444225F619AA00608486 /* RNTrimmerViewManager.swift */,
				8DBF444325F619AA00608486 /* RNTrimmerViewBridge.m */,
				8DBF444425F619AA00608486 /* RNTrimmerView-Bridging-Header.h */,
				8DBF444525F619AA00608486 /* RNTrimmerView.h */,
			);
			path = RNTrimmerView;
			sourceTree = "<group>";
		};
		8DBF444F25F619AA00608486 /* RNVideoTrimmer */ = {
			isa = PBXGroup;
			children = (
				8DBF445025F619AA00608486 /* RNVideoTrimmer-Bridging-Header.h */,
				8DBF445125F619AA00608486 /* SDAVAssetExportSession.m */,
				8DBF445225F619AA00608486 /* RNVideoTrimmerBridge.m */,
				8DBF445325F619AA00608486 /* AVUtilities.swift */,
				8DBF445425F619AA00608486 /* RNVideoTrimmer.swift */,
				8DBF445525F619AA00608486 /* SDAVAssetExportSession.h */,
			);
			path = RNVideoTrimmer;
			sourceTree = "<group>";
		};
		9DA197E3260128EF001B10F3 /* Products */ = {
			isa = PBXGroup;
			children = (
				9DA197EA260128EF001B10F3 /* libRNCCameraRoll.a */,
			);
			name = Products;
			sourceTree = "<group>";
		};
		9DEBE71225F1581C007AE283 /* Products */ = {
			isa = PBXGroup;
			children = (
				9DEBE71825F1581C007AE283 /* libGPUImage.a */,
				9DEBE71A25F1581C007AE283 /* GPUImage.framework */,
			);
			name = Products;
			sourceTree = "<group>";
		};
		9DEBE7D725F7C579007AE283 /* ICGVideoTrimmer */ = {
			isa = PBXGroup;
			children = (
				9DEBE84A25F7DCB8007AE283 /* ICGRulerView.h */,
				9DEBE84D25F7DCB8007AE283 /* ICGRulerView.m */,
				9DEBE84E25F7DCB8007AE283 /* ICGThumbView.h */,
				9DEBE84C25F7DCB8007AE283 /* ICGThumbView.m */,
				9DEBE85025F7DCB8007AE283 /* ICGVideoTrimmer.h */,
				9DEBE84B25F7DCB8007AE283 /* ICGVideoTrimmerView.h */,
				9DEBE84F25F7DCB8007AE283 /* ICGVideoTrimmerView.m */,
			);
			path = ICGVideoTrimmer;
			sourceTree = "<group>";
		};
/* End PBXGroup section */

/* Begin PBXNativeTarget section */
		00E356ED1AD99517003FC87E /* nomadnote_rnTests */ = {
			isa = PBXNativeTarget;
			buildConfigurationList = 00E357021AD99517003FC87E /* Build configuration list for PBXNativeTarget "nomadnote_rnTests" */;
			buildPhases = (
				C5E39C2C20512623A22C4987 /* [CP] Check Pods Manifest.lock */,
				00E356EA1AD99517003FC87E /* Sources */,
				00E356EB1AD99517003FC87E /* Frameworks */,
				00E356EC1AD99517003FC87E /* Resources */,
				E138839004BC1841CF10AADB /* [CP] Copy Pods Resources */,
				F3E7DA80E4AF8C618C22CEAF /* [CP] Embed Pods Frameworks */,
			);
			buildRules = (
			);
			dependencies = (
				00E356F51AD99517003FC87E /* PBXTargetDependency */,
			);
			name = nomadnote_rnTests;
			productName = nomadnote_rnTests;
			productReference = 00E356EE1AD99517003FC87E /* nomadnote_rnTests.xctest */;
			productType = "com.apple.product-type.bundle.unit-test";
		};
		13B07F861A680F5B00A75B9A /* nomadnote_rn */ = {
			isa = PBXNativeTarget;
			buildConfigurationList = 13B07F931A680F5B00A75B9A /* Build configuration list for PBXNativeTarget "nomadnote_rn" */;
			buildPhases = (
				54F146F69897A0E14D1129C5 /* [CP] Check Pods Manifest.lock */,
				FD10A7F022414F080027D42C /* Start Packager */,
				13B07F871A680F5B00A75B9A /* Sources */,
				13B07F8C1A680F5B00A75B9A /* Frameworks */,
				13B07F8E1A680F5B00A75B9A /* Resources */,
				00DD1BFF1BD5951E006B06BC /* Bundle React Native code and images */,
				9DEBE72425F1597B007AE283 /* Embed Frameworks */,
				A077DF1E48EB9029A763AD55 /* [CP] Copy Pods Resources */,
				2CA9EEC1C3F2847BF9523C2B /* [CP-User] [RNFB] Core Configuration */,
				BE6F436A6152D81FCBB47278 /* [CP] Embed Pods Frameworks */,
			);
			buildRules = (
			);
			dependencies = (
			);
			name = nomadnote_rn;
			packageProductDependencies = (
			);
			productName = nomadnote_rn;
			productReference = 13B07F961A680F5B00A75B9A /* nomadnote_rn.app */;
			productType = "com.apple.product-type.application";
		};
		2D02E47A1E0B4A5D006451C7 /* nomadnote_rn-tvOS */ = {
			isa = PBXNativeTarget;
			buildConfigurationList = 2D02E4BA1E0B4A5E006451C7 /* Build configuration list for PBXNativeTarget "nomadnote_rn-tvOS" */;
			buildPhases = (
				CC2B7B9D558C5BF9A138F4BC /* [CP] Check Pods Manifest.lock */,
				FD10A7F122414F3F0027D42C /* Start Packager */,
				2D02E4771E0B4A5D006451C7 /* Sources */,
				2D02E4781E0B4A5D006451C7 /* Frameworks */,
				2D02E4791E0B4A5D006451C7 /* Resources */,
				2D02E4CB1E0B4B27006451C7 /* Bundle React Native Code And Images */,
				E0D5821677D4B7A6E3FCA81B /* [CP] Copy Pods Resources */,
			);
			buildRules = (
			);
			dependencies = (
			);
			name = "nomadnote_rn-tvOS";
			productName = "nomadnote_rn-tvOS";
			productReference = 2D02E47B1E0B4A5D006451C7 /* nomadnote_rn-tvOS.app */;
			productType = "com.apple.product-type.application";
		};
		2D02E48F1E0B4A5D006451C7 /* nomadnote_rn-tvOSTests */ = {
			isa = PBXNativeTarget;
			buildConfigurationList = 2D02E4BB1E0B4A5E006451C7 /* Build configuration list for PBXNativeTarget "nomadnote_rn-tvOSTests" */;
			buildPhases = (
				4F16A2C4B59855A7C330E19D /* [CP] Check Pods Manifest.lock */,
				2D02E48C1E0B4A5D006451C7 /* Sources */,
				2D02E48D1E0B4A5D006451C7 /* Frameworks */,
				2D02E48E1E0B4A5D006451C7 /* Resources */,
			);
			buildRules = (
			);
			dependencies = (
				2D02E4921E0B4A5D006451C7 /* PBXTargetDependency */,
			);
			name = "nomadnote_rn-tvOSTests";
			productName = "nomadnote_rn-tvOSTests";
			productReference = 2D02E4901E0B4A5D006451C7 /* nomadnote_rn-tvOSTests.xctest */;
			productType = "com.apple.product-type.bundle.unit-test";
		};
/* End PBXNativeTarget section */

/* Begin PBXProject section */
		83CBB9F71A601CBA00E9B192 /* Project object */ = {
			isa = PBXProject;
			attributes = {
				LastUpgradeCheck = 1130;
				TargetAttributes = {
					00E356ED1AD99517003FC87E = {
						CreatedOnToolsVersion = 6.2;
						DevelopmentTeam = GH3H7Z7YJZ;
						TestTargetID = 13B07F861A680F5B00A75B9A;
					};
					13B07F861A680F5B00A75B9A = {
						DevelopmentTeam = QSM5Y674QV;
						LastSwiftMigration = 1240;
					};
					2D02E47A1E0B4A5D006451C7 = {
						CreatedOnToolsVersion = 8.2.1;
						ProvisioningStyle = Automatic;
					};
					2D02E48F1E0B4A5D006451C7 = {
						CreatedOnToolsVersion = 8.2.1;
						ProvisioningStyle = Automatic;
						TestTargetID = 2D02E47A1E0B4A5D006451C7;
					};
				};
			};
			buildConfigurationList = 83CBB9FA1A601CBA00E9B192 /* Build configuration list for PBXProject "nomadnote_rn" */;
			compatibilityVersion = "Xcode 3.2";
			developmentRegion = en;
			hasScannedForEncodings = 0;
			knownRegions = (
				en,
				Base,
			);
			mainGroup = 83CBB9F61A601CBA00E9B192;
			packageReferences = (
			);
			productRefGroup = 83CBBA001A601CBA00E9B192 /* Products */;
			projectDirPath = "";
			projectReferences = (
				{
					ProductGroup = 9DEBE71225F1581C007AE283 /* Products */;
					ProjectRef = 9DEBE71125F1581C007AE283 /* GPUImage.xcodeproj */;
				},
				{
					ProductGroup = 9DA197E3260128EF001B10F3 /* Products */;
					ProjectRef = 9DA197E2260128EF001B10F3 /* RNCCameraRoll.xcodeproj */;
				},
			);
			projectRoot = "";
			targets = (
				13B07F861A680F5B00A75B9A /* nomadnote_rn */,
				00E356ED1AD99517003FC87E /* nomadnote_rnTests */,
				2D02E47A1E0B4A5D006451C7 /* nomadnote_rn-tvOS */,
				2D02E48F1E0B4A5D006451C7 /* nomadnote_rn-tvOSTests */,
			);
		};
/* End PBXProject section */

/* Begin PBXReferenceProxy section */
		9DA197EA260128EF001B10F3 /* libRNCCameraRoll.a */ = {
			isa = PBXReferenceProxy;
			fileType = archive.ar;
			path = libRNCCameraRoll.a;
			remoteRef = 9DA197E9260128EF001B10F3 /* PBXContainerItemProxy */;
			sourceTree = BUILT_PRODUCTS_DIR;
		};
		9DEBE71825F1581C007AE283 /* libGPUImage.a */ = {
			isa = PBXReferenceProxy;
			fileType = archive.ar;
			path = libGPUImage.a;
			remoteRef = 9DEBE71725F1581C007AE283 /* PBXContainerItemProxy */;
			sourceTree = BUILT_PRODUCTS_DIR;
		};
		9DEBE71A25F1581C007AE283 /* GPUImage.framework */ = {
			isa = PBXReferenceProxy;
			fileType = wrapper.framework;
			path = GPUImage.framework;
			remoteRef = 9DEBE71925F1581C007AE283 /* PBXContainerItemProxy */;
			sourceTree = BUILT_PRODUCTS_DIR;
		};
/* End PBXReferenceProxy section */

/* Begin PBXResourcesBuildPhase section */
		00E356EC1AD99517003FC87E /* Resources */ = {
			isa = PBXResourcesBuildPhase;
			buildActionMask = 2147483647;
			files = (
			);
			runOnlyForDeploymentPostprocessing = 0;
		};
		13B07F8E1A680F5B00A75B9A /* Resources */ = {
			isa = PBXResourcesBuildPhase;
			buildActionMask = 2147483647;
			files = (
				8DC457CD26155F020097E42F /* GoogleService-Info.plist in Resources */,
				81AB9BB82411601600AC10FF /* LaunchScreen.storyboard in Resources */,
				13B07FBF1A68108700A75B9A /* Images.xcassets in Resources */,
			);
			runOnlyForDeploymentPostprocessing = 0;
		};
		2D02E4791E0B4A5D006451C7 /* Resources */ = {
			isa = PBXResourcesBuildPhase;
			buildActionMask = 2147483647;
			files = (
				2D02E4BD1E0B4A84006451C7 /* Images.xcassets in Resources */,
			);
			runOnlyForDeploymentPostprocessing = 0;
		};
		2D02E48E1E0B4A5D006451C7 /* Resources */ = {
			isa = PBXResourcesBuildPhase;
			buildActionMask = 2147483647;
			files = (
			);
			runOnlyForDeploymentPostprocessing = 0;
		};
/* End PBXResourcesBuildPhase section */

/* Begin PBXShellScriptBuildPhase section */
		00DD1BFF1BD5951E006B06BC /* Bundle React Native code and images */ = {
			isa = PBXShellScriptBuildPhase;
			buildActionMask = 2147483647;
			files = (
			);
			inputPaths = (
			);
			name = "Bundle React Native code and images";
			outputPaths = (
			);
			runOnlyForDeploymentPostprocessing = 0;
			shellPath = /bin/sh;
			shellScript = "export NODE_BINARY=node\n../node_modules/react-native/scripts/react-native-xcode.sh\n";
		};
		2CA9EEC1C3F2847BF9523C2B /* [CP-User] [RNFB] Core Configuration */ = {
			isa = PBXShellScriptBuildPhase;
			buildActionMask = 2147483647;
			files = (
			);
			name = "[CP-User] [RNFB] Core Configuration";
			runOnlyForDeploymentPostprocessing = 0;
			shellPath = /bin/sh;
			shellScript = "#!/usr/bin/env bash\n#\n# Copyright (c) 2016-present Invertase Limited & Contributors\n#\n# Licensed under the Apache License, Version 2.0 (the \"License\");\n# you may not use this library except in compliance with the License.\n# You may obtain a copy of the License at\n#\n#   http://www.apache.org/licenses/LICENSE-2.0\n#\n# Unless required by applicable law or agreed to in writing, software\n# distributed under the License is distributed on an \"AS IS\" BASIS,\n# WITHOUT WARRANTIES OR CONDITIONS OF ANY KIND, either express or implied.\n# See the License for the specific language governing permissions and\n# limitations under the License.\n#\nset -e\n\n_MAX_LOOKUPS=2;\n_SEARCH_RESULT=''\n_RN_ROOT_EXISTS=''\n_CURRENT_LOOKUPS=1\n_JSON_ROOT=\"'react-native'\"\n_JSON_FILE_NAME='firebase.json'\n_JSON_OUTPUT_BASE64='e30=' # { }\n_CURRENT_SEARCH_DIR=${PROJECT_DIR}\n_PLIST_BUDDY=/usr/libexec/PlistBuddy\n_TARGET_PLIST=\"${BUILT_PRODUCTS_DIR}/${INFOPLIST_PATH}\"\n_DSYM_PLIST=\"${DWARF_DSYM_FOLDER_PATH}/${DWARF_DSYM_FILE_NAME}/Contents/Info.plist\"\n\n# plist arrays\n_PLIST_ENTRY_KEYS=()\n_PLIST_ENTRY_TYPES=()\n_PLIST_ENTRY_VALUES=()\n\nfunction setPlistValue {\n  echo \"info:      setting plist entry '$1' of type '$2' in file '$4'\"\n  ${_PLIST_BUDDY} -c \"Add :$1 $2 '$3'\" $4 || echo \"info:      '$1' already exists\"\n}\n\nfunction getFirebaseJsonKeyValue () {\n  if [[ ${_RN_ROOT_EXISTS} ]]; then\n    ruby -e \"require 'rubygems';require 'json'; output=JSON.parse('$1'); puts output[$_JSON_ROOT]['$2']\"\n  else\n    echo \"\"\n  fi;\n}\n\nfunction jsonBoolToYesNo () {\n  if [[ $1 == \"false\" ]]; then\n    echo \"NO\"\n  elif [[ $1 == \"true\" ]]; then\n    echo \"YES\"\n  else echo \"NO\"\n  fi\n}\n\necho \"info: -> RNFB build script started\"\necho \"info: 1) Locating ${_JSON_FILE_NAME} file:\"\n\nif [[ -z ${_CURRENT_SEARCH_DIR} ]]; then\n  _CURRENT_SEARCH_DIR=$(pwd)\nfi;\n\nwhile true; do\n  _CURRENT_SEARCH_DIR=$(dirname \"$_CURRENT_SEARCH_DIR\")\n  if [[ \"$_CURRENT_SEARCH_DIR\" == \"/\" ]] || [[ ${_CURRENT_LOOKUPS} -gt ${_MAX_LOOKUPS} ]]; then break; fi;\n  echo \"info:      ($_CURRENT_LOOKUPS of $_MAX_LOOKUPS) Searching in '$_CURRENT_SEARCH_DIR' for a ${_JSON_FILE_NAME} file.\"\n  _SEARCH_RESULT=$(find \"$_CURRENT_SEARCH_DIR\" -maxdepth 2 -name ${_JSON_FILE_NAME} -print | head -n 1)\n  if [[ ${_SEARCH_RESULT} ]]; then\n    echo \"info:      ${_JSON_FILE_NAME} found at $_SEARCH_RESULT\"\n    break;\n  fi;\n  _CURRENT_LOOKUPS=$((_CURRENT_LOOKUPS+1))\ndone\n\nif [[ ${_SEARCH_RESULT} ]]; then\n  _JSON_OUTPUT_RAW=$(cat \"${_SEARCH_RESULT}\")\n  _RN_ROOT_EXISTS=$(ruby -e \"require 'rubygems';require 'json'; output=JSON.parse('$_JSON_OUTPUT_RAW'); puts output[$_JSON_ROOT]\" || echo '')\n\n  if [[ ${_RN_ROOT_EXISTS} ]]; then\n    _JSON_OUTPUT_BASE64=$(python -c 'import json,sys,base64;print(base64.b64encode(json.dumps(json.loads(open('\"'${_SEARCH_RESULT}'\"').read())['${_JSON_ROOT}'])))' || echo \"e30=\")\n  fi\n\n  _PLIST_ENTRY_KEYS+=(\"firebase_json_raw\")\n  _PLIST_ENTRY_TYPES+=(\"string\")\n  _PLIST_ENTRY_VALUES+=(\"$_JSON_OUTPUT_BASE64\")\n\n  # config.analytics_auto_collection_enabled\n  _ANALYTICS_AUTO_COLLECTION=$(getFirebaseJsonKeyValue \"$_JSON_OUTPUT_RAW\" \"analytics_auto_collection_enabled\")\n  if [[ $_ANALYTICS_AUTO_COLLECTION ]]; then\n    _PLIST_ENTRY_KEYS+=(\"FIREBASE_ANALYTICS_COLLECTION_ENABLED\")\n    _PLIST_ENTRY_TYPES+=(\"bool\")\n    _PLIST_ENTRY_VALUES+=(\"$(jsonBoolToYesNo \"$_ANALYTICS_AUTO_COLLECTION\")\")\n  fi\n\n  # config.perf_auto_collection_enabled\n  _PERF_AUTO_COLLECTION=$(getFirebaseJsonKeyValue \"$_JSON_OUTPUT_RAW\" \"perf_auto_collection_enabled\")\n  if [[ $_PERF_AUTO_COLLECTION ]]; then\n    _PLIST_ENTRY_KEYS+=(\"firebase_performance_collection_enabled\")\n    _PLIST_ENTRY_TYPES+=(\"bool\")\n    _PLIST_ENTRY_VALUES+=(\"$(jsonBoolToYesNo \"$_PERF_AUTO_COLLECTION\")\")\n  fi\n\n  # config.messaging_auto_init_enabled\n  _MESSAGING_AUTO_INIT=$(getFirebaseJsonKeyValue \"$_JSON_OUTPUT_RAW\" \"messaging_auto_init_enabled\")\n  if [[ $_MESSAGING_AUTO_INIT ]]; then\n    _PLIST_ENTRY_KEYS+=(\"FirebaseMessagingAutoInitEnabled\")\n    _PLIST_ENTRY_TYPES+=(\"bool\")\n    _PLIST_ENTRY_VALUES+=(\"$(jsonBoolToYesNo \"$_MESSAGING_AUTO_INIT\")\")\n  fi\n\n  # config.crashlytics_disable_auto_disabler - undocumented for now - mainly for debugging, document if becomes useful\n  _CRASHLYTICS_AUTO_DISABLE_ENABLED=$(getFirebaseJsonKeyValue \"$_JSON_OUTPUT_RAW\" \"crashlytics_disable_auto_disabler\")\n  if [[ $_CRASHLYTICS_AUTO_DISABLE_ENABLED == \"true\" ]]; then\n    echo \"Disabled Crashlytics auto disabler.\" # do nothing\n  else\n    _PLIST_ENTRY_KEYS+=(\"FirebaseCrashlyticsCollectionEnabled\")\n    _PLIST_ENTRY_TYPES+=(\"bool\")\n    _PLIST_ENTRY_VALUES+=(\"NO\")\n  fi\n\n  # config.admob_delay_app_measurement_init\n  _ADMOB_DELAY_APP_MEASUREMENT=$(getFirebaseJsonKeyValue \"$_JSON_OUTPUT_RAW\" \"admob_delay_app_measurement_init\")\n  if [[ $_ADMOB_DELAY_APP_MEASUREMENT == \"true\" ]]; then\n    _PLIST_ENTRY_KEYS+=(\"GADDelayAppMeasurementInit\")\n    _PLIST_ENTRY_TYPES+=(\"bool\")\n    _PLIST_ENTRY_VALUES+=(\"YES\")\n  fi\n\n  # config.admob_ios_app_id\n  _ADMOB_IOS_APP_ID=$(getFirebaseJsonKeyValue \"$_JSON_OUTPUT_RAW\" \"admob_ios_app_id\")\n  if [[ $_ADMOB_IOS_APP_ID ]]; then\n    _PLIST_ENTRY_KEYS+=(\"GADApplicationIdentifier\")\n    _PLIST_ENTRY_TYPES+=(\"string\")\n    _PLIST_ENTRY_VALUES+=(\"$_ADMOB_IOS_APP_ID\")\n  fi\nelse\n  _PLIST_ENTRY_KEYS+=(\"firebase_json_raw\")\n  _PLIST_ENTRY_TYPES+=(\"string\")\n  _PLIST_ENTRY_VALUES+=(\"$_JSON_OUTPUT_BASE64\")\n  echo \"warning:   A firebase.json file was not found, whilst this file is optional it is recommended to include it to configure firebase services in React Native Firebase.\"\nfi;\n\necho \"info: 2) Injecting Info.plist entries: \"\n\n# Log out the keys we're adding\nfor i in \"${!_PLIST_ENTRY_KEYS[@]}\"; do\n  echo \"    ->  $i) ${_PLIST_ENTRY_KEYS[$i]}\" \"${_PLIST_ENTRY_TYPES[$i]}\" \"${_PLIST_ENTRY_VALUES[$i]}\"\ndone\n\nfor plist in \"${_TARGET_PLIST}\" \"${_DSYM_PLIST}\" ; do\n  if [[ -f \"${plist}\" ]]; then\n\n    # paths with spaces break the call to setPlistValue. temporarily modify\n    # the shell internal field separator variable (IFS), which normally\n    # includes spaces, to consist only of line breaks\n    oldifs=$IFS\n    IFS=\"\n\"\n\n    for i in \"${!_PLIST_ENTRY_KEYS[@]}\"; do\n      setPlistValue \"${_PLIST_ENTRY_KEYS[$i]}\" \"${_PLIST_ENTRY_TYPES[$i]}\" \"${_PLIST_ENTRY_VALUES[$i]}\" \"${plist}\"\n    done\n\n    # restore the original internal field separator value\n    IFS=$oldifs\n  else\n    echo \"warning:   A Info.plist build output file was not found (${plist})\"\n  fi\ndone\n\necho \"info: <- RNFB build script finished\"\n";
		};
		2D02E4CB1E0B4B27006451C7 /* Bundle React Native Code And Images */ = {
			isa = PBXShellScriptBuildPhase;
			buildActionMask = 2147483647;
			files = (
			);
			inputPaths = (
			);
			name = "Bundle React Native Code And Images";
			outputPaths = (
			);
			runOnlyForDeploymentPostprocessing = 0;
			shellPath = /bin/sh;
			shellScript = "export NODE_BINARY=node\n../node_modules/react-native/scripts/react-native-xcode.sh";
		};
		4F16A2C4B59855A7C330E19D /* [CP] Check Pods Manifest.lock */ = {
			isa = PBXShellScriptBuildPhase;
			buildActionMask = 2147483647;
			files = (
			);
			inputFileListPaths = (
			);
			inputPaths = (
				"${PODS_PODFILE_DIR_PATH}/Podfile.lock",
				"${PODS_ROOT}/Manifest.lock",
			);
			name = "[CP] Check Pods Manifest.lock";
			outputFileListPaths = (
			);
			outputPaths = (
				"$(DERIVED_FILE_DIR)/Pods-nomadnote_rn-tvOSTests-checkManifestLockResult.txt",
			);
			runOnlyForDeploymentPostprocessing = 0;
			shellPath = /bin/sh;
			shellScript = "diff \"${PODS_PODFILE_DIR_PATH}/Podfile.lock\" \"${PODS_ROOT}/Manifest.lock\" > /dev/null\nif [ $? != 0 ] ; then\n    # print error to STDERR\n    echo \"error: The sandbox is not in sync with the Podfile.lock. Run 'pod install' or update your CocoaPods installation.\" >&2\n    exit 1\nfi\n# This output is used by Xcode 'outputs' to avoid re-running this script phase.\necho \"SUCCESS\" > \"${SCRIPT_OUTPUT_FILE_0}\"\n";
			showEnvVarsInLog = 0;
		};
		54F146F69897A0E14D1129C5 /* [CP] Check Pods Manifest.lock */ = {
			isa = PBXShellScriptBuildPhase;
			buildActionMask = 2147483647;
			files = (
			);
			inputFileListPaths = (
			);
			inputPaths = (
				"${PODS_PODFILE_DIR_PATH}/Podfile.lock",
				"${PODS_ROOT}/Manifest.lock",
			);
			name = "[CP] Check Pods Manifest.lock";
			outputFileListPaths = (
			);
			outputPaths = (
				"$(DERIVED_FILE_DIR)/Pods-nomadnote_rn-checkManifestLockResult.txt",
			);
			runOnlyForDeploymentPostprocessing = 0;
			shellPath = /bin/sh;
			shellScript = "diff \"${PODS_PODFILE_DIR_PATH}/Podfile.lock\" \"${PODS_ROOT}/Manifest.lock\" > /dev/null\nif [ $? != 0 ] ; then\n    # print error to STDERR\n    echo \"error: The sandbox is not in sync with the Podfile.lock. Run 'pod install' or update your CocoaPods installation.\" >&2\n    exit 1\nfi\n# This output is used by Xcode 'outputs' to avoid re-running this script phase.\necho \"SUCCESS\" > \"${SCRIPT_OUTPUT_FILE_0}\"\n";
			showEnvVarsInLog = 0;
		};
		A077DF1E48EB9029A763AD55 /* [CP] Copy Pods Resources */ = {
			isa = PBXShellScriptBuildPhase;
			buildActionMask = 2147483647;
			files = (
			);
			inputPaths = (
				"${PODS_ROOT}/Target Support Files/Pods-nomadnote_rn/Pods-nomadnote_rn-resources.sh",
				"${PODS_ROOT}/GoogleMaps/Maps/Frameworks/GoogleMaps.framework/Resources/GoogleMaps.bundle",
				"${PODS_CONFIGURATION_BUILD_DIR}/React-Core.common-CoreModulesHeaders/AccessibilityResources.bundle",
				"${PODS_ROOT}/GoogleSignIn/Resources/GoogleSignIn.bundle",
				"${PODS_CONFIGURATION_BUILD_DIR}/LineSDKSwift/LineSDK.bundle",
				"${PODS_CONFIGURATION_BUILD_DIR}/PersonalizedAdConsent/PersonalizedAdConsent.bundle",
				"${PODS_ROOT}/YoutubePlayer-in-WKWebView/WKYTPlayerView/WKYTPlayerView.bundle",
			);
			name = "[CP] Copy Pods Resources";
			outputPaths = (
				"${TARGET_BUILD_DIR}/${UNLOCALIZED_RESOURCES_FOLDER_PATH}/GoogleMaps.bundle",
				"${TARGET_BUILD_DIR}/${UNLOCALIZED_RESOURCES_FOLDER_PATH}/AccessibilityResources.bundle",
				"${TARGET_BUILD_DIR}/${UNLOCALIZED_RESOURCES_FOLDER_PATH}/GoogleSignIn.bundle",
				"${TARGET_BUILD_DIR}/${UNLOCALIZED_RESOURCES_FOLDER_PATH}/LineSDK.bundle",
				"${TARGET_BUILD_DIR}/${UNLOCALIZED_RESOURCES_FOLDER_PATH}/PersonalizedAdConsent.bundle",
				"${TARGET_BUILD_DIR}/${UNLOCALIZED_RESOURCES_FOLDER_PATH}/WKYTPlayerView.bundle",
			);
			runOnlyForDeploymentPostprocessing = 0;
			shellPath = /bin/sh;
			shellScript = "\"${PODS_ROOT}/Target Support Files/Pods-nomadnote_rn/Pods-nomadnote_rn-resources.sh\"\n";
			showEnvVarsInLog = 0;
		};
		BE6F436A6152D81FCBB47278 /* [CP] Embed Pods Frameworks */ = {
			isa = PBXShellScriptBuildPhase;
			buildActionMask = 2147483647;
			files = (
			);
			inputPaths = (
				"${PODS_ROOT}/Target Support Files/Pods-nomadnote_rn/Pods-nomadnote_rn-frameworks.sh",
				"${PODS_XCFRAMEWORKS_BUILD_DIR}/FBAEMKit/FBAEMKit.framework/FBAEMKit",
				"${PODS_XCFRAMEWORKS_BUILD_DIR}/FBSDKCoreKit/FBSDKCoreKit.framework/FBSDKCoreKit",
				"${PODS_XCFRAMEWORKS_BUILD_DIR}/FBSDKCoreKit_Basics/FBSDKCoreKit_Basics.framework/FBSDKCoreKit_Basics",
				"${PODS_XCFRAMEWORKS_BUILD_DIR}/FBSDKLoginKit/FBSDKLoginKit.framework/FBSDKLoginKit",
				"${PODS_XCFRAMEWORKS_BUILD_DIR}/FBSDKShareKit/FBSDKShareKit.framework/FBSDKShareKit",
			);
			name = "[CP] Embed Pods Frameworks";
			outputPaths = (
				"${TARGET_BUILD_DIR}/${FRAMEWORKS_FOLDER_PATH}/FBAEMKit.framework",
				"${TARGET_BUILD_DIR}/${FRAMEWORKS_FOLDER_PATH}/FBSDKCoreKit.framework",
				"${TARGET_BUILD_DIR}/${FRAMEWORKS_FOLDER_PATH}/FBSDKCoreKit_Basics.framework",
				"${TARGET_BUILD_DIR}/${FRAMEWORKS_FOLDER_PATH}/FBSDKLoginKit.framework",
				"${TARGET_BUILD_DIR}/${FRAMEWORKS_FOLDER_PATH}/FBSDKShareKit.framework",
			);
			runOnlyForDeploymentPostprocessing = 0;
			shellPath = /bin/sh;
			shellScript = "\"${PODS_ROOT}/Target Support Files/Pods-nomadnote_rn/Pods-nomadnote_rn-frameworks.sh\"\n";
			showEnvVarsInLog = 0;
		};
		C5E39C2C20512623A22C4987 /* [CP] Check Pods Manifest.lock */ = {
			isa = PBXShellScriptBuildPhase;
			buildActionMask = 2147483647;
			files = (
			);
			inputFileListPaths = (
			);
			inputPaths = (
				"${PODS_PODFILE_DIR_PATH}/Podfile.lock",
				"${PODS_ROOT}/Manifest.lock",
			);
			name = "[CP] Check Pods Manifest.lock";
			outputFileListPaths = (
			);
			outputPaths = (
				"$(DERIVED_FILE_DIR)/Pods-nomadnote_rn-nomadnote_rnTests-checkManifestLockResult.txt",
			);
			runOnlyForDeploymentPostprocessing = 0;
			shellPath = /bin/sh;
			shellScript = "diff \"${PODS_PODFILE_DIR_PATH}/Podfile.lock\" \"${PODS_ROOT}/Manifest.lock\" > /dev/null\nif [ $? != 0 ] ; then\n    # print error to STDERR\n    echo \"error: The sandbox is not in sync with the Podfile.lock. Run 'pod install' or update your CocoaPods installation.\" >&2\n    exit 1\nfi\n# This output is used by Xcode 'outputs' to avoid re-running this script phase.\necho \"SUCCESS\" > \"${SCRIPT_OUTPUT_FILE_0}\"\n";
			showEnvVarsInLog = 0;
		};
		CC2B7B9D558C5BF9A138F4BC /* [CP] Check Pods Manifest.lock */ = {
			isa = PBXShellScriptBuildPhase;
			buildActionMask = 2147483647;
			files = (
			);
			inputFileListPaths = (
			);
			inputPaths = (
				"${PODS_PODFILE_DIR_PATH}/Podfile.lock",
				"${PODS_ROOT}/Manifest.lock",
			);
			name = "[CP] Check Pods Manifest.lock";
			outputFileListPaths = (
			);
			outputPaths = (
				"$(DERIVED_FILE_DIR)/Pods-nomadnote_rn-tvOS-checkManifestLockResult.txt",
			);
			runOnlyForDeploymentPostprocessing = 0;
			shellPath = /bin/sh;
			shellScript = "diff \"${PODS_PODFILE_DIR_PATH}/Podfile.lock\" \"${PODS_ROOT}/Manifest.lock\" > /dev/null\nif [ $? != 0 ] ; then\n    # print error to STDERR\n    echo \"error: The sandbox is not in sync with the Podfile.lock. Run 'pod install' or update your CocoaPods installation.\" >&2\n    exit 1\nfi\n# This output is used by Xcode 'outputs' to avoid re-running this script phase.\necho \"SUCCESS\" > \"${SCRIPT_OUTPUT_FILE_0}\"\n";
			showEnvVarsInLog = 0;
		};
		E0D5821677D4B7A6E3FCA81B /* [CP] Copy Pods Resources */ = {
			isa = PBXShellScriptBuildPhase;
			buildActionMask = 2147483647;
			files = (
			);
			inputPaths = (
				"${PODS_ROOT}/Target Support Files/Pods-nomadnote_rn-tvOS/Pods-nomadnote_rn-tvOS-resources.sh",
				"${PODS_ROOT}/GoogleMaps/Maps/Frameworks/GoogleMaps.framework/Resources/GoogleMaps.bundle",
				"${PODS_CONFIGURATION_BUILD_DIR}/React-Core.common/AccessibilityResources.bundle",
			);
			name = "[CP] Copy Pods Resources";
			outputPaths = (
				"${TARGET_BUILD_DIR}/${UNLOCALIZED_RESOURCES_FOLDER_PATH}/GoogleMaps.bundle",
				"${TARGET_BUILD_DIR}/${UNLOCALIZED_RESOURCES_FOLDER_PATH}/AccessibilityResources.bundle",
			);
			runOnlyForDeploymentPostprocessing = 0;
			shellPath = /bin/sh;
			shellScript = "\"${PODS_ROOT}/Target Support Files/Pods-nomadnote_rn-tvOS/Pods-nomadnote_rn-tvOS-resources.sh\"\n";
			showEnvVarsInLog = 0;
		};
		E138839004BC1841CF10AADB /* [CP] Copy Pods Resources */ = {
			isa = PBXShellScriptBuildPhase;
			buildActionMask = 2147483647;
			files = (
			);
			inputPaths = (
				"${PODS_ROOT}/Target Support Files/Pods-nomadnote_rn-nomadnote_rnTests/Pods-nomadnote_rn-nomadnote_rnTests-resources.sh",
				"${PODS_ROOT}/GoogleMaps/Maps/Frameworks/GoogleMaps.framework/Resources/GoogleMaps.bundle",
				"${PODS_CONFIGURATION_BUILD_DIR}/React-Core.common-CoreModulesHeaders/AccessibilityResources.bundle",
				"${PODS_ROOT}/GoogleSignIn/Resources/GoogleSignIn.bundle",
				"${PODS_CONFIGURATION_BUILD_DIR}/LineSDKSwift/LineSDK.bundle",
				"${PODS_CONFIGURATION_BUILD_DIR}/PersonalizedAdConsent/PersonalizedAdConsent.bundle",
				"${PODS_ROOT}/YoutubePlayer-in-WKWebView/WKYTPlayerView/WKYTPlayerView.bundle",
			);
			name = "[CP] Copy Pods Resources";
			outputPaths = (
				"${TARGET_BUILD_DIR}/${UNLOCALIZED_RESOURCES_FOLDER_PATH}/GoogleMaps.bundle",
				"${TARGET_BUILD_DIR}/${UNLOCALIZED_RESOURCES_FOLDER_PATH}/AccessibilityResources.bundle",
				"${TARGET_BUILD_DIR}/${UNLOCALIZED_RESOURCES_FOLDER_PATH}/GoogleSignIn.bundle",
				"${TARGET_BUILD_DIR}/${UNLOCALIZED_RESOURCES_FOLDER_PATH}/LineSDK.bundle",
				"${TARGET_BUILD_DIR}/${UNLOCALIZED_RESOURCES_FOLDER_PATH}/PersonalizedAdConsent.bundle",
				"${TARGET_BUILD_DIR}/${UNLOCALIZED_RESOURCES_FOLDER_PATH}/WKYTPlayerView.bundle",
			);
			runOnlyForDeploymentPostprocessing = 0;
			shellPath = /bin/sh;
			shellScript = "\"${PODS_ROOT}/Target Support Files/Pods-nomadnote_rn-nomadnote_rnTests/Pods-nomadnote_rn-nomadnote_rnTests-resources.sh\"\n";
			showEnvVarsInLog = 0;
		};
		F3E7DA80E4AF8C618C22CEAF /* [CP] Embed Pods Frameworks */ = {
			isa = PBXShellScriptBuildPhase;
			buildActionMask = 2147483647;
			files = (
			);
			inputPaths = (
				"${PODS_ROOT}/Target Support Files/Pods-nomadnote_rn-nomadnote_rnTests/Pods-nomadnote_rn-nomadnote_rnTests-frameworks.sh",
				"${PODS_XCFRAMEWORKS_BUILD_DIR}/FBAEMKit/FBAEMKit.framework/FBAEMKit",
				"${PODS_XCFRAMEWORKS_BUILD_DIR}/FBSDKCoreKit/FBSDKCoreKit.framework/FBSDKCoreKit",
				"${PODS_XCFRAMEWORKS_BUILD_DIR}/FBSDKCoreKit_Basics/FBSDKCoreKit_Basics.framework/FBSDKCoreKit_Basics",
				"${PODS_XCFRAMEWORKS_BUILD_DIR}/FBSDKLoginKit/FBSDKLoginKit.framework/FBSDKLoginKit",
				"${PODS_XCFRAMEWORKS_BUILD_DIR}/FBSDKShareKit/FBSDKShareKit.framework/FBSDKShareKit",
			);
			name = "[CP] Embed Pods Frameworks";
			outputPaths = (
				"${TARGET_BUILD_DIR}/${FRAMEWORKS_FOLDER_PATH}/FBAEMKit.framework",
				"${TARGET_BUILD_DIR}/${FRAMEWORKS_FOLDER_PATH}/FBSDKCoreKit.framework",
				"${TARGET_BUILD_DIR}/${FRAMEWORKS_FOLDER_PATH}/FBSDKCoreKit_Basics.framework",
				"${TARGET_BUILD_DIR}/${FRAMEWORKS_FOLDER_PATH}/FBSDKLoginKit.framework",
				"${TARGET_BUILD_DIR}/${FRAMEWORKS_FOLDER_PATH}/FBSDKShareKit.framework",
			);
			runOnlyForDeploymentPostprocessing = 0;
			shellPath = /bin/sh;
			shellScript = "\"${PODS_ROOT}/Target Support Files/Pods-nomadnote_rn-nomadnote_rnTests/Pods-nomadnote_rn-nomadnote_rnTests-frameworks.sh\"\n";
			showEnvVarsInLog = 0;
		};
		FD10A7F022414F080027D42C /* Start Packager */ = {
			isa = PBXShellScriptBuildPhase;
			buildActionMask = 2147483647;
			files = (
			);
			inputFileListPaths = (
			);
			inputPaths = (
			);
			name = "Start Packager";
			outputFileListPaths = (
			);
			outputPaths = (
			);
			runOnlyForDeploymentPostprocessing = 0;
			shellPath = /bin/sh;
			shellScript = "export RCT_METRO_PORT=\"${RCT_METRO_PORT:=8081}\"\necho \"export RCT_METRO_PORT=${RCT_METRO_PORT}\" > \"${SRCROOT}/../node_modules/react-native/scripts/.packager.env\"\nif [ -z \"${RCT_NO_LAUNCH_PACKAGER+xxx}\" ] ; then\n  if nc -w 5 -z localhost ${RCT_METRO_PORT} ; then\n    if ! curl -s \"http://localhost:${RCT_METRO_PORT}/status\" | grep -q \"packager-status:running\" ; then\n      echo \"Port ${RCT_METRO_PORT} already in use, packager is either not running or not running correctly\"\n      exit 2\n    fi\n  else\n    open \"$SRCROOT/../node_modules/react-native/scripts/launchPackager.command\" || echo \"Can't start packager automatically\"\n  fi\nfi\n";
			showEnvVarsInLog = 0;
		};
		FD10A7F122414F3F0027D42C /* Start Packager */ = {
			isa = PBXShellScriptBuildPhase;
			buildActionMask = 2147483647;
			files = (
			);
			inputFileListPaths = (
			);
			inputPaths = (
			);
			name = "Start Packager";
			outputFileListPaths = (
			);
			outputPaths = (
			);
			runOnlyForDeploymentPostprocessing = 0;
			shellPath = /bin/sh;
			shellScript = "export RCT_METRO_PORT=\"${RCT_METRO_PORT:=8081}\"\necho \"export RCT_METRO_PORT=${RCT_METRO_PORT}\" > \"${SRCROOT}/../node_modules/react-native/scripts/.packager.env\"\nif [ -z \"${RCT_NO_LAUNCH_PACKAGER+xxx}\" ] ; then\n  if nc -w 5 -z localhost ${RCT_METRO_PORT} ; then\n    if ! curl -s \"http://localhost:${RCT_METRO_PORT}/status\" | grep -q \"packager-status:running\" ; then\n      echo \"Port ${RCT_METRO_PORT} already in use, packager is either not running or not running correctly\"\n      exit 2\n    fi\n  else\n    open \"$SRCROOT/../node_modules/react-native/scripts/launchPackager.command\" || echo \"Can't start packager automatically\"\n  fi\nfi\n";
			showEnvVarsInLog = 0;
		};
/* End PBXShellScriptBuildPhase section */

/* Begin PBXSourcesBuildPhase section */
		00E356EA1AD99517003FC87E /* Sources */ = {
			isa = PBXSourcesBuildPhase;
			buildActionMask = 2147483647;
			files = (
				00E356F31AD99517003FC87E /* nomadnote_rnTests.m in Sources */,
			);
			runOnlyForDeploymentPostprocessing = 0;
		};
		13B07F871A680F5B00A75B9A /* Sources */ = {
			isa = PBXSourcesBuildPhase;
			buildActionMask = 2147483647;
			files = (
				8DBF446825F619AA00608486 /* VideoProcessingGPUFilters.swift in Sources */,
				9DEBE85325F7DCB8007AE283 /* ICGVideoTrimmerView.m in Sources */,
				9DEBE85225F7DCB8007AE283 /* ICGRulerView.m in Sources */,
				8DBF445C25F619AA00608486 /* RNTrimmerView.swift in Sources */,
				8DBF446725F619AA00608486 /* RNVideoPlayer.swift in Sources */,
				8DBF446425F619AA00608486 /* RNVideoTrimmerBridge.m in Sources */,
				8DBF445D25F619AA00608486 /* RNTrimmerViewManager.swift in Sources */,
				9DEBE85125F7DCB8007AE283 /* ICGThumbView.m in Sources */,
				8DBF445B25F619AA00608486 /* RNVideoProcessingManager.swift in Sources */,
				13B07FBC1A68108700A75B9A /* AppDelegate.m in Sources */,
				8DBF446225F619AA00608486 /* RNVideoProcessingBridge.m in Sources */,
				8DBF446525F619AA00608486 /* AVUtilities.swift in Sources */,
				8DBF446325F619AA00608486 /* SDAVAssetExportSession.m in Sources */,
				8DBF446625F619AA00608486 /* RNVideoTrimmer.swift in Sources */,
				13B07FC11A68108700A75B9A /* main.m in Sources */,
				8DBF445E25F619AA00608486 /* RNTrimmerViewBridge.m in Sources */,
			);
			runOnlyForDeploymentPostprocessing = 0;
		};
		2D02E4771E0B4A5D006451C7 /* Sources */ = {
			isa = PBXSourcesBuildPhase;
			buildActionMask = 2147483647;
			files = (
				2D02E4BF1E0B4AB3006451C7 /* main.m in Sources */,
				2D02E4BC1E0B4A80006451C7 /* AppDelegate.m in Sources */,
			);
			runOnlyForDeploymentPostprocessing = 0;
		};
		2D02E48C1E0B4A5D006451C7 /* Sources */ = {
			isa = PBXSourcesBuildPhase;
			buildActionMask = 2147483647;
			files = (
				2DCD954D1E0B4F2C00145EB5 /* nomadnote_rnTests.m in Sources */,
			);
			runOnlyForDeploymentPostprocessing = 0;
		};
/* End PBXSourcesBuildPhase section */

/* Begin PBXTargetDependency section */
		00E356F51AD99517003FC87E /* PBXTargetDependency */ = {
			isa = PBXTargetDependency;
			target = 13B07F861A680F5B00A75B9A /* nomadnote_rn */;
			targetProxy = 00E356F41AD99517003FC87E /* PBXContainerItemProxy */;
		};
		2D02E4921E0B4A5D006451C7 /* PBXTargetDependency */ = {
			isa = PBXTargetDependency;
			target = 2D02E47A1E0B4A5D006451C7 /* nomadnote_rn-tvOS */;
			targetProxy = 2D02E4911E0B4A5D006451C7 /* PBXContainerItemProxy */;
		};
/* End PBXTargetDependency section */

/* Begin XCBuildConfiguration section */
		00E356F61AD99517003FC87E /* Debug */ = {
			isa = XCBuildConfiguration;
			baseConfigurationReference = 8BDE93CBBB443CC5852004D0 /* Pods-nomadnote_rn-nomadnote_rnTests.debug.xcconfig */;
			buildSettings = {
				ALWAYS_EMBED_SWIFT_STANDARD_LIBRARIES = YES;
				BUNDLE_LOADER = "$(TEST_HOST)";
				DEVELOPMENT_TEAM = GH3H7Z7YJZ;
				GCC_PREPROCESSOR_DEFINITIONS = (
					"DEBUG=1",
					"$(inherited)",
				);
				INFOPLIST_FILE = nomadnote_rnTests/Info.plist;
				IPHONEOS_DEPLOYMENT_TARGET = 10.0;
				LD_RUNPATH_SEARCH_PATHS = "$(inherited) @executable_path/Frameworks @loader_path/Frameworks";
				OTHER_LDFLAGS = (
					"-ObjC",
					"-lc++",
					"$(inherited)",
				);
				PRODUCT_BUNDLE_IDENTIFIER = "org.reactjs.native.example.$(PRODUCT_NAME:rfc1034identifier)";
				PRODUCT_NAME = "$(TARGET_NAME)";
				TEST_HOST = "$(BUILT_PRODUCTS_DIR)/nomadnote_rn.app/nomadnote_rn";
			};
			name = Debug;
		};
		00E356F71AD99517003FC87E /* Release */ = {
			isa = XCBuildConfiguration;
			baseConfigurationReference = 69BF24B8533C85E6D304039F /* Pods-nomadnote_rn-nomadnote_rnTests.release.xcconfig */;
			buildSettings = {
				ALWAYS_EMBED_SWIFT_STANDARD_LIBRARIES = YES;
				BUNDLE_LOADER = "$(TEST_HOST)";
				COPY_PHASE_STRIP = NO;
				DEVELOPMENT_TEAM = GH3H7Z7YJZ;
				INFOPLIST_FILE = nomadnote_rnTests/Info.plist;
				IPHONEOS_DEPLOYMENT_TARGET = 10.0;
				LD_RUNPATH_SEARCH_PATHS = "$(inherited) @executable_path/Frameworks @loader_path/Frameworks";
				OTHER_LDFLAGS = (
					"-ObjC",
					"-lc++",
					"$(inherited)",
				);
				PRODUCT_BUNDLE_IDENTIFIER = "org.reactjs.native.example.$(PRODUCT_NAME:rfc1034identifier)";
				PRODUCT_NAME = "$(TARGET_NAME)";
				TEST_HOST = "$(BUILT_PRODUCTS_DIR)/nomadnote_rn.app/nomadnote_rn";
			};
			name = Release;
		};
		13B07F941A680F5B00A75B9A /* Debug */ = {
			isa = XCBuildConfiguration;
			baseConfigurationReference = 27DFAC52AAF07D54A8FE7EBA /* Pods-nomadnote_rn.debug.xcconfig */;
			buildSettings = {
				ASSETCATALOG_COMPILER_APPICON_NAME = AppIcon;
				CLANG_ENABLE_MODULES = YES;
				CODE_SIGN_ENTITLEMENTS = nomadnote_rn/nomadnote_rn.entitlements;
				CURRENT_PROJECT_VERSION = 1;
				DEVELOPMENT_TEAM = QSM5Y674QV;
				ENABLE_BITCODE = NO;
				EXCLUDED_ARCHS = "";
				FRAMEWORK_SEARCH_PATHS = (
					"$(inherited)",
					"$(PROJECT_DIR)/..",
					"$(PROJECT_DIR)",
					"~/Documents/FacebookSDK",
				);
				GCC_NO_COMMON_BLOCKS = YES;
				INFOPLIST_FILE = nomadnote_rn/Info.plist;
				IPHONEOS_DEPLOYMENT_TARGET = 11.0;
				LD_RUNPATH_SEARCH_PATHS = "$(inherited) @executable_path/Frameworks";
				LIBRARY_SEARCH_PATHS = (
					"${PODS_CONFIGURATION_BUILD_DIR}/ARNKakaoLogin",
					"${PODS_CONFIGURATION_BUILD_DIR}/Alamofire",
					"${PODS_CONFIGURATION_BUILD_DIR}/AppAuth",
					"${PODS_CONFIGURATION_BUILD_DIR}/BVLinearGradient",
					"${PODS_CONFIGURATION_BUILD_DIR}/DoubleConversion",
					"${PODS_CONFIGURATION_BUILD_DIR}/FBReactNativeSpec",
					"${PODS_CONFIGURATION_BUILD_DIR}/FBSDKCoreKit",
					"${PODS_CONFIGURATION_BUILD_DIR}/FBSDKLoginKit",
					"${PODS_CONFIGURATION_BUILD_DIR}/FBSDKShareKit",
					"${PODS_CONFIGURATION_BUILD_DIR}/FirebaseCore",
					"${PODS_CONFIGURATION_BUILD_DIR}/FirebaseCoreDiagnostics",
					"${PODS_CONFIGURATION_BUILD_DIR}/FirebaseInstallations",
					"${PODS_CONFIGURATION_BUILD_DIR}/FirebaseInstanceID",
					"${PODS_CONFIGURATION_BUILD_DIR}/FirebaseMessaging",
					"${PODS_CONFIGURATION_BUILD_DIR}/Folly",
					"${PODS_CONFIGURATION_BUILD_DIR}/GTMAppAuth",
					"${PODS_CONFIGURATION_BUILD_DIR}/GTMSessionFetcher",
					"${PODS_CONFIGURATION_BUILD_DIR}/Google-Maps-iOS-Utils",
					"${PODS_CONFIGURATION_BUILD_DIR}/GoogleDataTransport",
					"${PODS_CONFIGURATION_BUILD_DIR}/GoogleUtilities",
					"${PODS_CONFIGURATION_BUILD_DIR}/KakaoSDKAuth",
					"${PODS_CONFIGURATION_BUILD_DIR}/KakaoSDKCommon",
					"${PODS_CONFIGURATION_BUILD_DIR}/KakaoSDKLink",
					"${PODS_CONFIGURATION_BUILD_DIR}/KakaoSDKNavi",
					"${PODS_CONFIGURATION_BUILD_DIR}/KakaoSDKStory",
					"${PODS_CONFIGURATION_BUILD_DIR}/KakaoSDKTalk",
					"${PODS_CONFIGURATION_BUILD_DIR}/KakaoSDKTemplate",
					"${PODS_CONFIGURATION_BUILD_DIR}/KakaoSDKUser",
					"${PODS_CONFIGURATION_BUILD_DIR}/LineSDKSwift",
					"${PODS_CONFIGURATION_BUILD_DIR}/PersonalizedAdConsent",
					"${PODS_CONFIGURATION_BUILD_DIR}/PromisesObjC",
					"${PODS_CONFIGURATION_BUILD_DIR}/RCTTypeSafety",
					"${PODS_CONFIGURATION_BUILD_DIR}/RCTYouTube",
					"${PODS_CONFIGURATION_BUILD_DIR}/RNAppleAuthentication",
					"${PODS_CONFIGURATION_BUILD_DIR}/RNCAsyncStorage",
					"${PODS_CONFIGURATION_BUILD_DIR}/RNCMaskedView",
					"${PODS_CONFIGURATION_BUILD_DIR}/RNCPicker",
					"${PODS_CONFIGURATION_BUILD_DIR}/RNCPushNotificationIOS",
					"${PODS_CONFIGURATION_BUILD_DIR}/RNDeviceInfo",
					"${PODS_CONFIGURATION_BUILD_DIR}/RNFBAdMob",
					"${PODS_CONFIGURATION_BUILD_DIR}/RNFBApp",
					"${PODS_CONFIGURATION_BUILD_DIR}/RNFBMessaging",
					"${PODS_CONFIGURATION_BUILD_DIR}/RNFS",
					"${PODS_CONFIGURATION_BUILD_DIR}/RNFastImage",
					"${PODS_CONFIGURATION_BUILD_DIR}/RNGestureHandler",
					"${PODS_CONFIGURATION_BUILD_DIR}/RNGoogleSignin",
					"${PODS_CONFIGURATION_BUILD_DIR}/RNIap",
					"${PODS_CONFIGURATION_BUILD_DIR}/RNLine",
					"${PODS_CONFIGURATION_BUILD_DIR}/RNLocalize",
					"${PODS_CONFIGURATION_BUILD_DIR}/RNReanimated",
					"${PODS_CONFIGURATION_BUILD_DIR}/RNSVG",
					"${PODS_CONFIGURATION_BUILD_DIR}/RNScreens",
					"${PODS_CONFIGURATION_BUILD_DIR}/RNShare",
					"${PODS_CONFIGURATION_BUILD_DIR}/React-Core.common-CoreModulesHeaders",
					"${PODS_CONFIGURATION_BUILD_DIR}/React-CoreModules",
					"${PODS_CONFIGURATION_BUILD_DIR}/React-RCTAnimation",
					"${PODS_CONFIGURATION_BUILD_DIR}/React-RCTBlob",
					"${PODS_CONFIGURATION_BUILD_DIR}/React-RCTImage",
					"${PODS_CONFIGURATION_BUILD_DIR}/React-RCTLinking",
					"${PODS_CONFIGURATION_BUILD_DIR}/React-RCTNetwork",
					"${PODS_CONFIGURATION_BUILD_DIR}/React-RCTSettings",
					"${PODS_CONFIGURATION_BUILD_DIR}/React-RCTText",
					"${PODS_CONFIGURATION_BUILD_DIR}/React-RCTVibration",
					"${PODS_CONFIGURATION_BUILD_DIR}/React-cxxreact",
					"${PODS_CONFIGURATION_BUILD_DIR}/React-jsi",
					"${PODS_CONFIGURATION_BUILD_DIR}/React-jsiexecutor",
					"${PODS_CONFIGURATION_BUILD_DIR}/React-jsinspector",
					"${PODS_CONFIGURATION_BUILD_DIR}/ReactCommon",
					"${PODS_CONFIGURATION_BUILD_DIR}/SDWebImage",
					"${PODS_CONFIGURATION_BUILD_DIR}/SDWebImageWebPCoder",
					"${PODS_CONFIGURATION_BUILD_DIR}/Toast",
					"${PODS_CONFIGURATION_BUILD_DIR}/Yoga",
					"${PODS_CONFIGURATION_BUILD_DIR}/YouTubeSdk",
					"${PODS_CONFIGURATION_BUILD_DIR}/YoutubePlayer-in-WKWebView",
					"${PODS_CONFIGURATION_BUILD_DIR}/YoutubePlayerView",
					"${PODS_CONFIGURATION_BUILD_DIR}/glog",
					"${PODS_CONFIGURATION_BUILD_DIR}/kakao-login",
					"${PODS_CONFIGURATION_BUILD_DIR}/libwebp",
					"${PODS_CONFIGURATION_BUILD_DIR}/nanopb",
					"${PODS_CONFIGURATION_BUILD_DIR}/react-native-cameraroll",
					"${PODS_CONFIGURATION_BUILD_DIR}/react-native-fbsdk",
					"${PODS_CONFIGURATION_BUILD_DIR}/react-native-geolocation-service",
					"${PODS_CONFIGURATION_BUILD_DIR}/react-native-google-maps",
					"${PODS_CONFIGURATION_BUILD_DIR}/react-native-image-picker",
					"${PODS_CONFIGURATION_BUILD_DIR}/react-native-image-resizer",
					"${PODS_CONFIGURATION_BUILD_DIR}/react-native-maps",
					"${PODS_CONFIGURATION_BUILD_DIR}/react-native-randombytes",
					"${PODS_CONFIGURATION_BUILD_DIR}/react-native-safe-area-context",
					"${PODS_CONFIGURATION_BUILD_DIR}/react-native-simple-toast",
					"${PODS_CONFIGURATION_BUILD_DIR}/react-native-video",
					"${PODS_CONFIGURATION_BUILD_DIR}/react-native-webview",
					"${PODS_CONFIGURATION_BUILD_DIR}/rn-fetch-blob",
					"$(inherited)",
				);
				MARKETING_VERSION = 1.85;
				OTHER_LDFLAGS = (
					"$(inherited)",
					"-ObjC",
					"-lc++",
				);
				PRODUCT_BUNDLE_IDENTIFIER = com.devstories.nomadnote;
				PRODUCT_NAME = nomadnote_rn;
				SWIFT_OBJC_BRIDGING_HEADER = "nomadnote_rn-Bridging-Header.h";
				SWIFT_OPTIMIZATION_LEVEL = "-Onone";
				SWIFT_VERSION = 5.0;
				VERSIONING_SYSTEM = "apple-generic";
			};
			name = Debug;
		};
		13B07F951A680F5B00A75B9A /* Release */ = {
			isa = XCBuildConfiguration;
			baseConfigurationReference = C6AC742E2FAFE64EC065FBD3 /* Pods-nomadnote_rn.release.xcconfig */;
			buildSettings = {
				ASSETCATALOG_COMPILER_APPICON_NAME = AppIcon;
				CLANG_ENABLE_MODULES = YES;
				CODE_SIGN_ENTITLEMENTS = nomadnote_rn/nomadnote_rn.entitlements;
				CURRENT_PROJECT_VERSION = 1;
				DEVELOPMENT_TEAM = QSM5Y674QV;
				EXCLUDED_ARCHS = "";
				FRAMEWORK_SEARCH_PATHS = (
					"$(inherited)",
					"$(PROJECT_DIR)/..",
					"$(PROJECT_DIR)",
					"~/Documents/FacebookSDK",
				);
				GCC_NO_COMMON_BLOCKS = YES;
				INFOPLIST_FILE = nomadnote_rn/Info.plist;
				IPHONEOS_DEPLOYMENT_TARGET = 11.0;
				LD_RUNPATH_SEARCH_PATHS = "$(inherited) @executable_path/Frameworks";
				LIBRARY_SEARCH_PATHS = (
					"${PODS_CONFIGURATION_BUILD_DIR}/ARNKakaoLogin",
					"${PODS_CONFIGURATION_BUILD_DIR}/Alamofire",
					"${PODS_CONFIGURATION_BUILD_DIR}/AppAuth",
					"${PODS_CONFIGURATION_BUILD_DIR}/BVLinearGradient",
					"${PODS_CONFIGURATION_BUILD_DIR}/DoubleConversion",
					"${PODS_CONFIGURATION_BUILD_DIR}/FBReactNativeSpec",
					"${PODS_CONFIGURATION_BUILD_DIR}/FBSDKCoreKit",
					"${PODS_CONFIGURATION_BUILD_DIR}/FBSDKLoginKit",
					"${PODS_CONFIGURATION_BUILD_DIR}/FBSDKShareKit",
					"${PODS_CONFIGURATION_BUILD_DIR}/FirebaseCore",
					"${PODS_CONFIGURATION_BUILD_DIR}/FirebaseCoreDiagnostics",
					"${PODS_CONFIGURATION_BUILD_DIR}/FirebaseInstallations",
					"${PODS_CONFIGURATION_BUILD_DIR}/FirebaseInstanceID",
					"${PODS_CONFIGURATION_BUILD_DIR}/FirebaseMessaging",
					"${PODS_CONFIGURATION_BUILD_DIR}/Folly",
					"${PODS_CONFIGURATION_BUILD_DIR}/GTMAppAuth",
					"${PODS_CONFIGURATION_BUILD_DIR}/GTMSessionFetcher",
					"${PODS_CONFIGURATION_BUILD_DIR}/Google-Maps-iOS-Utils",
					"${PODS_CONFIGURATION_BUILD_DIR}/GoogleDataTransport",
					"${PODS_CONFIGURATION_BUILD_DIR}/GoogleUtilities",
					"${PODS_CONFIGURATION_BUILD_DIR}/KakaoSDKAuth",
					"${PODS_CONFIGURATION_BUILD_DIR}/KakaoSDKCommon",
					"${PODS_CONFIGURATION_BUILD_DIR}/KakaoSDKLink",
					"${PODS_CONFIGURATION_BUILD_DIR}/KakaoSDKNavi",
					"${PODS_CONFIGURATION_BUILD_DIR}/KakaoSDKStory",
					"${PODS_CONFIGURATION_BUILD_DIR}/KakaoSDKTalk",
					"${PODS_CONFIGURATION_BUILD_DIR}/KakaoSDKTemplate",
					"${PODS_CONFIGURATION_BUILD_DIR}/KakaoSDKUser",
					"${PODS_CONFIGURATION_BUILD_DIR}/LineSDKSwift",
					"${PODS_CONFIGURATION_BUILD_DIR}/PersonalizedAdConsent",
					"${PODS_CONFIGURATION_BUILD_DIR}/PromisesObjC",
					"${PODS_CONFIGURATION_BUILD_DIR}/RCTTypeSafety",
					"${PODS_CONFIGURATION_BUILD_DIR}/RCTYouTube",
					"${PODS_CONFIGURATION_BUILD_DIR}/RNAppleAuthentication",
					"${PODS_CONFIGURATION_BUILD_DIR}/RNCAsyncStorage",
					"${PODS_CONFIGURATION_BUILD_DIR}/RNCMaskedView",
					"${PODS_CONFIGURATION_BUILD_DIR}/RNCPicker",
					"${PODS_CONFIGURATION_BUILD_DIR}/RNCPushNotificationIOS",
					"${PODS_CONFIGURATION_BUILD_DIR}/RNDeviceInfo",
					"${PODS_CONFIGURATION_BUILD_DIR}/RNFBAdMob",
					"${PODS_CONFIGURATION_BUILD_DIR}/RNFBApp",
					"${PODS_CONFIGURATION_BUILD_DIR}/RNFBMessaging",
					"${PODS_CONFIGURATION_BUILD_DIR}/RNFS",
					"${PODS_CONFIGURATION_BUILD_DIR}/RNFastImage",
					"${PODS_CONFIGURATION_BUILD_DIR}/RNGestureHandler",
					"${PODS_CONFIGURATION_BUILD_DIR}/RNGoogleSignin",
					"${PODS_CONFIGURATION_BUILD_DIR}/RNIap",
					"${PODS_CONFIGURATION_BUILD_DIR}/RNLine",
					"${PODS_CONFIGURATION_BUILD_DIR}/RNLocalize",
					"${PODS_CONFIGURATION_BUILD_DIR}/RNReanimated",
					"${PODS_CONFIGURATION_BUILD_DIR}/RNSVG",
					"${PODS_CONFIGURATION_BUILD_DIR}/RNScreens",
					"${PODS_CONFIGURATION_BUILD_DIR}/RNShare",
					"${PODS_CONFIGURATION_BUILD_DIR}/React-Core.common-CoreModulesHeaders",
					"${PODS_CONFIGURATION_BUILD_DIR}/React-CoreModules",
					"${PODS_CONFIGURATION_BUILD_DIR}/React-RCTAnimation",
					"${PODS_CONFIGURATION_BUILD_DIR}/React-RCTBlob",
					"${PODS_CONFIGURATION_BUILD_DIR}/React-RCTImage",
					"${PODS_CONFIGURATION_BUILD_DIR}/React-RCTLinking",
					"${PODS_CONFIGURATION_BUILD_DIR}/React-RCTNetwork",
					"${PODS_CONFIGURATION_BUILD_DIR}/React-RCTSettings",
					"${PODS_CONFIGURATION_BUILD_DIR}/React-RCTText",
					"${PODS_CONFIGURATION_BUILD_DIR}/React-RCTVibration",
					"${PODS_CONFIGURATION_BUILD_DIR}/React-cxxreact",
					"${PODS_CONFIGURATION_BUILD_DIR}/React-jsi",
					"${PODS_CONFIGURATION_BUILD_DIR}/React-jsiexecutor",
					"${PODS_CONFIGURATION_BUILD_DIR}/React-jsinspector",
					"${PODS_CONFIGURATION_BUILD_DIR}/ReactCommon",
					"${PODS_CONFIGURATION_BUILD_DIR}/SDWebImage",
					"${PODS_CONFIGURATION_BUILD_DIR}/SDWebImageWebPCoder",
					"${PODS_CONFIGURATION_BUILD_DIR}/Toast",
					"${PODS_CONFIGURATION_BUILD_DIR}/Yoga",
					"${PODS_CONFIGURATION_BUILD_DIR}/YouTubeSdk",
					"${PODS_CONFIGURATION_BUILD_DIR}/YoutubePlayer-in-WKWebView",
					"${PODS_CONFIGURATION_BUILD_DIR}/YoutubePlayerView",
					"${PODS_CONFIGURATION_BUILD_DIR}/glog",
					"${PODS_CONFIGURATION_BUILD_DIR}/kakao-login",
					"${PODS_CONFIGURATION_BUILD_DIR}/libwebp",
					"${PODS_CONFIGURATION_BUILD_DIR}/nanopb",
					"${PODS_CONFIGURATION_BUILD_DIR}/react-native-cameraroll",
					"${PODS_CONFIGURATION_BUILD_DIR}/react-native-fbsdk",
					"${PODS_CONFIGURATION_BUILD_DIR}/react-native-geolocation-service",
					"${PODS_CONFIGURATION_BUILD_DIR}/react-native-google-maps",
					"${PODS_CONFIGURATION_BUILD_DIR}/react-native-image-picker",
					"${PODS_CONFIGURATION_BUILD_DIR}/react-native-image-resizer",
					"${PODS_CONFIGURATION_BUILD_DIR}/react-native-maps",
					"${PODS_CONFIGURATION_BUILD_DIR}/react-native-randombytes",
					"${PODS_CONFIGURATION_BUILD_DIR}/react-native-safe-area-context",
					"${PODS_CONFIGURATION_BUILD_DIR}/react-native-simple-toast",
					"${PODS_CONFIGURATION_BUILD_DIR}/react-native-video",
					"${PODS_CONFIGURATION_BUILD_DIR}/react-native-webview",
					"${PODS_CONFIGURATION_BUILD_DIR}/rn-fetch-blob",
					"$(inherited)",
				);
				MARKETING_VERSION = 1.85;
				OTHER_LDFLAGS = (
					"$(inherited)",
					"-ObjC",
					"-lc++",
				);
				PRODUCT_BUNDLE_IDENTIFIER = com.devstories.nomadnote;
				PRODUCT_NAME = nomadnote_rn;
				SWIFT_OBJC_BRIDGING_HEADER = "nomadnote_rn-Bridging-Header.h";
				SWIFT_VERSION = 5.0;
				VERSIONING_SYSTEM = "apple-generic";
			};
			name = Release;
		};
		2D02E4971E0B4A5E006451C7 /* Debug */ = {
			isa = XCBuildConfiguration;
			baseConfigurationReference = 4057FF8560C738FBBE90FA11 /* Pods-nomadnote_rn-tvOS.debug.xcconfig */;
			buildSettings = {
				ASSETCATALOG_COMPILER_APPICON_NAME = "App Icon & Top Shelf Image";
				ASSETCATALOG_COMPILER_LAUNCHIMAGE_NAME = LaunchImage;
				CLANG_ANALYZER_NONNULL = YES;
				CLANG_WARN_DOCUMENTATION_COMMENTS = YES;
				CLANG_WARN_INFINITE_RECURSION = YES;
				CLANG_WARN_SUSPICIOUS_MOVE = YES;
				DEBUG_INFORMATION_FORMAT = dwarf;
				ENABLE_TESTABILITY = YES;
				GCC_NO_COMMON_BLOCKS = YES;
				INFOPLIST_FILE = "nomadnote_rn-tvOS/Info.plist";
				LD_RUNPATH_SEARCH_PATHS = "$(inherited) @executable_path/Frameworks";
				OTHER_LDFLAGS = (
					"$(inherited)",
					"-ObjC",
					"-lc++",
				);
				PRODUCT_BUNDLE_IDENTIFIER = "org.reactjs.native.example.nomadnote_rn-tvOS";
				PRODUCT_NAME = "$(TARGET_NAME)";
				SDKROOT = appletvos;
				TARGETED_DEVICE_FAMILY = 3;
				TVOS_DEPLOYMENT_TARGET = 10.0;
			};
			name = Debug;
		};
		2D02E4981E0B4A5E006451C7 /* Release */ = {
			isa = XCBuildConfiguration;
			baseConfigurationReference = 4D034E60EFEE4B0A512ACCB4 /* Pods-nomadnote_rn-tvOS.release.xcconfig */;
			buildSettings = {
				ASSETCATALOG_COMPILER_APPICON_NAME = "App Icon & Top Shelf Image";
				ASSETCATALOG_COMPILER_LAUNCHIMAGE_NAME = LaunchImage;
				CLANG_ANALYZER_NONNULL = YES;
				CLANG_WARN_DOCUMENTATION_COMMENTS = YES;
				CLANG_WARN_INFINITE_RECURSION = YES;
				CLANG_WARN_SUSPICIOUS_MOVE = YES;
				COPY_PHASE_STRIP = NO;
				DEBUG_INFORMATION_FORMAT = "dwarf-with-dsym";
				GCC_NO_COMMON_BLOCKS = YES;
				INFOPLIST_FILE = "nomadnote_rn-tvOS/Info.plist";
				LD_RUNPATH_SEARCH_PATHS = "$(inherited) @executable_path/Frameworks";
				OTHER_LDFLAGS = (
					"$(inherited)",
					"-ObjC",
					"-lc++",
				);
				PRODUCT_BUNDLE_IDENTIFIER = "org.reactjs.native.example.nomadnote_rn-tvOS";
				PRODUCT_NAME = "$(TARGET_NAME)";
				SDKROOT = appletvos;
				TARGETED_DEVICE_FAMILY = 3;
				TVOS_DEPLOYMENT_TARGET = 10.0;
			};
			name = Release;
		};
		2D02E4991E0B4A5E006451C7 /* Debug */ = {
			isa = XCBuildConfiguration;
			baseConfigurationReference = 1C065CF75B11679F83F03AD4 /* Pods-nomadnote_rn-tvOSTests.debug.xcconfig */;
			buildSettings = {
				BUNDLE_LOADER = "$(TEST_HOST)";
				CLANG_ANALYZER_NONNULL = YES;
				CLANG_WARN_DOCUMENTATION_COMMENTS = YES;
				CLANG_WARN_INFINITE_RECURSION = YES;
				CLANG_WARN_SUSPICIOUS_MOVE = YES;
				DEBUG_INFORMATION_FORMAT = dwarf;
				ENABLE_TESTABILITY = YES;
				GCC_NO_COMMON_BLOCKS = YES;
				INFOPLIST_FILE = "nomadnote_rn-tvOSTests/Info.plist";
				LD_RUNPATH_SEARCH_PATHS = "$(inherited) @executable_path/Frameworks @loader_path/Frameworks";
				OTHER_LDFLAGS = (
					"$(inherited)",
					"-ObjC",
					"-lc++",
				);
				PRODUCT_BUNDLE_IDENTIFIER = "org.reactjs.native.example.nomadnote_rn-tvOSTests";
				PRODUCT_NAME = "$(TARGET_NAME)";
				SDKROOT = appletvos;
				TEST_HOST = "$(BUILT_PRODUCTS_DIR)/nomadnote_rn-tvOS.app/nomadnote_rn-tvOS";
				TVOS_DEPLOYMENT_TARGET = 10.1;
			};
			name = Debug;
		};
		2D02E49A1E0B4A5E006451C7 /* Release */ = {
			isa = XCBuildConfiguration;
			baseConfigurationReference = 3D803E0DFFD6E580DC2541D6 /* Pods-nomadnote_rn-tvOSTests.release.xcconfig */;
			buildSettings = {
				BUNDLE_LOADER = "$(TEST_HOST)";
				CLANG_ANALYZER_NONNULL = YES;
				CLANG_WARN_DOCUMENTATION_COMMENTS = YES;
				CLANG_WARN_INFINITE_RECURSION = YES;
				CLANG_WARN_SUSPICIOUS_MOVE = YES;
				COPY_PHASE_STRIP = NO;
				DEBUG_INFORMATION_FORMAT = "dwarf-with-dsym";
				GCC_NO_COMMON_BLOCKS = YES;
				INFOPLIST_FILE = "nomadnote_rn-tvOSTests/Info.plist";
				LD_RUNPATH_SEARCH_PATHS = "$(inherited) @executable_path/Frameworks @loader_path/Frameworks";
				OTHER_LDFLAGS = (
					"$(inherited)",
					"-ObjC",
					"-lc++",
				);
				PRODUCT_BUNDLE_IDENTIFIER = "org.reactjs.native.example.nomadnote_rn-tvOSTests";
				PRODUCT_NAME = "$(TARGET_NAME)";
				SDKROOT = appletvos;
				TEST_HOST = "$(BUILT_PRODUCTS_DIR)/nomadnote_rn-tvOS.app/nomadnote_rn-tvOS";
				TVOS_DEPLOYMENT_TARGET = 10.1;
			};
			name = Release;
		};
		83CBBA201A601CBA00E9B192 /* Debug */ = {
			isa = XCBuildConfiguration;
			buildSettings = {
				ALWAYS_SEARCH_USER_PATHS = NO;
				CLANG_ANALYZER_LOCALIZABILITY_NONLOCALIZED = YES;
				CLANG_CXX_LANGUAGE_STANDARD = "gnu++0x";
				CLANG_CXX_LIBRARY = "libc++";
				CLANG_ENABLE_MODULES = YES;
				CLANG_ENABLE_OBJC_ARC = YES;
				CLANG_WARN_BLOCK_CAPTURE_AUTORELEASING = YES;
				CLANG_WARN_BOOL_CONVERSION = YES;
				CLANG_WARN_COMMA = YES;
				CLANG_WARN_CONSTANT_CONVERSION = YES;
				CLANG_WARN_DEPRECATED_OBJC_IMPLEMENTATIONS = YES;
				CLANG_WARN_DIRECT_OBJC_ISA_USAGE = YES_ERROR;
				CLANG_WARN_EMPTY_BODY = YES;
				CLANG_WARN_ENUM_CONVERSION = YES;
				CLANG_WARN_INFINITE_RECURSION = YES;
				CLANG_WARN_INT_CONVERSION = YES;
				CLANG_WARN_NON_LITERAL_NULL_CONVERSION = YES;
				CLANG_WARN_OBJC_IMPLICIT_RETAIN_SELF = YES;
				CLANG_WARN_OBJC_LITERAL_CONVERSION = YES;
				CLANG_WARN_OBJC_ROOT_CLASS = YES_ERROR;
				CLANG_WARN_RANGE_LOOP_ANALYSIS = YES;
				CLANG_WARN_STRICT_PROTOTYPES = YES;
				CLANG_WARN_SUSPICIOUS_MOVE = YES;
				CLANG_WARN_UNREACHABLE_CODE = YES;
				CLANG_WARN__DUPLICATE_METHOD_MATCH = YES;
				"CODE_SIGN_IDENTITY[sdk=iphoneos*]" = "iPhone Developer";
				COPY_PHASE_STRIP = NO;
				ENABLE_STRICT_OBJC_MSGSEND = YES;
				ENABLE_TESTABILITY = YES;
				EXCLUDED_ARCHS = "";
				FRAMEWORK_SEARCH_PATHS = "$(PROJECT_DIR)/..";
				GCC_C_LANGUAGE_STANDARD = gnu99;
				GCC_DYNAMIC_NO_PIC = NO;
				GCC_NO_COMMON_BLOCKS = YES;
				GCC_OPTIMIZATION_LEVEL = 0;
				GCC_PREPROCESSOR_DEFINITIONS = (
					"DEBUG=1",
					"$(inherited)",
				);
				GCC_SYMBOLS_PRIVATE_EXTERN = NO;
				GCC_WARN_64_TO_32_BIT_CONVERSION = YES;
				GCC_WARN_ABOUT_RETURN_TYPE = YES_ERROR;
				GCC_WARN_UNDECLARED_SELECTOR = YES;
				GCC_WARN_UNINITIALIZED_AUTOS = YES_AGGRESSIVE;
				GCC_WARN_UNUSED_FUNCTION = YES;
				GCC_WARN_UNUSED_VARIABLE = YES;
				IPHONEOS_DEPLOYMENT_TARGET = 10.0;
				LD_RUNPATH_SEARCH_PATHS = "/usr/lib/swift $(inherited)";
				LIBRARY_SEARCH_PATHS = "\"$(inherited)\"";
				MTL_ENABLE_DEBUG_INFO = YES;
				ONLY_ACTIVE_ARCH = YES;
				SDKROOT = iphoneos;
			};
			name = Debug;
		};
		83CBBA211A601CBA00E9B192 /* Release */ = {
			isa = XCBuildConfiguration;
			buildSettings = {
				ALWAYS_SEARCH_USER_PATHS = NO;
				CLANG_ANALYZER_LOCALIZABILITY_NONLOCALIZED = YES;
				CLANG_CXX_LANGUAGE_STANDARD = "gnu++0x";
				CLANG_CXX_LIBRARY = "libc++";
				CLANG_ENABLE_MODULES = YES;
				CLANG_ENABLE_OBJC_ARC = YES;
				CLANG_WARN_BLOCK_CAPTURE_AUTORELEASING = YES;
				CLANG_WARN_BOOL_CONVERSION = YES;
				CLANG_WARN_COMMA = YES;
				CLANG_WARN_CONSTANT_CONVERSION = YES;
				CLANG_WARN_DEPRECATED_OBJC_IMPLEMENTATIONS = YES;
				CLANG_WARN_DIRECT_OBJC_ISA_USAGE = YES_ERROR;
				CLANG_WARN_EMPTY_BODY = YES;
				CLANG_WARN_ENUM_CONVERSION = YES;
				CLANG_WARN_INFINITE_RECURSION = YES;
				CLANG_WARN_INT_CONVERSION = YES;
				CLANG_WARN_NON_LITERAL_NULL_CONVERSION = YES;
				CLANG_WARN_OBJC_IMPLICIT_RETAIN_SELF = YES;
				CLANG_WARN_OBJC_LITERAL_CONVERSION = YES;
				CLANG_WARN_OBJC_ROOT_CLASS = YES_ERROR;
				CLANG_WARN_RANGE_LOOP_ANALYSIS = YES;
				CLANG_WARN_STRICT_PROTOTYPES = YES;
				CLANG_WARN_SUSPICIOUS_MOVE = YES;
				CLANG_WARN_UNREACHABLE_CODE = YES;
				CLANG_WARN__DUPLICATE_METHOD_MATCH = YES;
				"CODE_SIGN_IDENTITY[sdk=iphoneos*]" = "iPhone Developer";
				COPY_PHASE_STRIP = YES;
				ENABLE_NS_ASSERTIONS = NO;
				ENABLE_STRICT_OBJC_MSGSEND = YES;
				EXCLUDED_ARCHS = "";
				FRAMEWORK_SEARCH_PATHS = "$(PROJECT_DIR)/..";
				GCC_C_LANGUAGE_STANDARD = gnu99;
				GCC_NO_COMMON_BLOCKS = YES;
				GCC_WARN_64_TO_32_BIT_CONVERSION = YES;
				GCC_WARN_ABOUT_RETURN_TYPE = YES_ERROR;
				GCC_WARN_UNDECLARED_SELECTOR = YES;
				GCC_WARN_UNINITIALIZED_AUTOS = YES_AGGRESSIVE;
				GCC_WARN_UNUSED_FUNCTION = YES;
				GCC_WARN_UNUSED_VARIABLE = YES;
				IPHONEOS_DEPLOYMENT_TARGET = 10.0;
				LD_RUNPATH_SEARCH_PATHS = "/usr/lib/swift $(inherited)";
				LIBRARY_SEARCH_PATHS = "\"$(inherited)\"";
				MTL_ENABLE_DEBUG_INFO = NO;
				SDKROOT = iphoneos;
				VALIDATE_PRODUCT = YES;
			};
			name = Release;
		};
/* End XCBuildConfiguration section */

/* Begin XCConfigurationList section */
		00E357021AD99517003FC87E /* Build configuration list for PBXNativeTarget "nomadnote_rnTests" */ = {
			isa = XCConfigurationList;
			buildConfigurations = (
				00E356F61AD99517003FC87E /* Debug */,
				00E356F71AD99517003FC87E /* Release */,
			);
			defaultConfigurationIsVisible = 0;
			defaultConfigurationName = Release;
		};
		13B07F931A680F5B00A75B9A /* Build configuration list for PBXNativeTarget "nomadnote_rn" */ = {
			isa = XCConfigurationList;
			buildConfigurations = (
				13B07F941A680F5B00A75B9A /* Debug */,
				13B07F951A680F5B00A75B9A /* Release */,
			);
			defaultConfigurationIsVisible = 0;
			defaultConfigurationName = Release;
		};
		2D02E4BA1E0B4A5E006451C7 /* Build configuration list for PBXNativeTarget "nomadnote_rn-tvOS" */ = {
			isa = XCConfigurationList;
			buildConfigurations = (
				2D02E4971E0B4A5E006451C7 /* Debug */,
				2D02E4981E0B4A5E006451C7 /* Release */,
			);
			defaultConfigurationIsVisible = 0;
			defaultConfigurationName = Release;
		};
		2D02E4BB1E0B4A5E006451C7 /* Build configuration list for PBXNativeTarget "nomadnote_rn-tvOSTests" */ = {
			isa = XCConfigurationList;
			buildConfigurations = (
				2D02E4991E0B4A5E006451C7 /* Debug */,
				2D02E49A1E0B4A5E006451C7 /* Release */,
			);
			defaultConfigurationIsVisible = 0;
			defaultConfigurationName = Release;
		};
		83CBB9FA1A601CBA00E9B192 /* Build configuration list for PBXProject "nomadnote_rn" */ = {
			isa = XCConfigurationList;
			buildConfigurations = (
				83CBBA201A601CBA00E9B192 /* Debug */,
				83CBBA211A601CBA00E9B192 /* Release */,
			);
			defaultConfigurationIsVisible = 0;
			defaultConfigurationName = Release;
		};
/* End XCConfigurationList section */
	};
	rootObject = 83CBB9F71A601CBA00E9B192 /* Project object */;
}
